
Microsoft Visual Studio Solution File, Format Version 12.00
# Visual Studio Version 17
VisualStudioVersion = 17.0.31903.59
MinimumVisualStudioVersion = 10.0.40219.1
Project("{2150E333-8FDC-42A3-9474-1A3956D46DE8}") = "Tests", "Tests", "{748745C8-73FC-4AAC-BA17-45F26C78988F}"
EndProject
Project("{FAE04EC0-301F-11D3-BF4B-00C04F79EFBC}") = "vos.Service.Tributary.Tests", "Tests\vos.Service.Tributary.Tests\vos.Service.Tributary.Tests.csproj", "{F240CB05-815F-403C-9675-5CE8D8C4E453}"
EndProject
Project("{FAE04EC0-301F-11D3-BF4B-00C04F79EFBC}") = "vos.Service.Delta.Tests", "Tests\vos.Service.Delta.Tests\vos.Service.Delta.Tests.csproj", "{D617BFB1-752C-47FF-BA32-5E59E143BCBF}"
EndProject
Project("{FAE04EC0-301F-11D3-BF4B-00C04F79EFBC}") = "vos.Auth.Shared", "vos.Auth.Shared\vos.Auth.Shared.csproj", "{A1AC1C9F-596B-43A8-B5AF-0C95266C3668}"
EndProject
Project("{FAE04EC0-301F-11D3-BF4B-00C04F79EFBC}") = "vos.Taproot.Tests", "vos.Taproot.Tests\vos.Taproot.Tests.csproj", "{3F6FB066-C4D9-45E2-B4E8-460BA8470050}"
EndProject
Project("{FAE04EC0-301F-11D3-BF4B-00C04F79EFBC}") = "vos.Taproot", "vos.Taproot\vos.Taproot.csproj", "{A965EFA3-B25D-4C60-B0CA-B1CEEF39D1D0}"
EndProject
Project("{FAE04EC0-301F-11D3-BF4B-00C04F79EFBC}") = "vos.Service.CSharp.Echo", "vos.Service.CSharp.Echo\vos.Service.CSharp.Echo.csproj", "{E2D2EFDE-4310-42FD-9F53-F2497958FDB2}"
EndProject
Project("{FAE04EC0-301F-11D3-BF4B-00C04F79EFBC}") = "vos.Service.Tributary", "vos.Service.Tributary\vos.Service.Tributary.csproj", "{0E12CE73-0C74-45ED-B992-0DAA73C20F9B}"
EndProject
Project("{FAE04EC0-301F-11D3-BF4B-00C04F79EFBC}") = "vos.Service.Delta", "vos.Service.Delta\vos.Service.Delta.csproj", "{7815A567-304B-4F06-80D6-6D4CBE28C597}"
EndProject
Project("{FAE04EC0-301F-11D3-BF4B-00C04F79EFBC}") = "vos.Service.Shared", "vos.Service.Shared\vos.Service.Shared.csproj", "{65ED47C1-2B5D-47CB-8755-2B011BA36680}"
EndProject
Project("{FAE04EC0-301F-11D3-BF4B-00C04F79EFBC}") = "vos.Service.Metabolism", "vos.Service.Metabolism\vos.Service.Metabolism.csproj", "{451779A4-AFA8-48E2-9343-3009919331ED}"
EndProject
Project("{FAE04EC0-301F-11D3-BF4B-00C04F79EFBC}") = "vos.Service.Metabolism.Tests", "Tests\vos.Service.Metabolism.Tests\vos.Service.Metabolism.Tests.csproj", "{06A09038-B5BC-4F2F-83F6-FAF7327BA2A2}"
EndProject
Project("{FAE04EC0-301F-11D3-BF4B-00C04F79EFBC}") = "vos.Tests.Shared", "Tests\vos.Tests.Shared\vos.Tests.Shared.csproj", "{CAC180D0-F60C-4DE5-8227-C2496D746F49}"
EndProject
Project("{FAE04EC0-301F-11D3-BF4B-00C04F79EFBC}") = "vos.Auth.Shared.Tests", "Tests\vos.Auth.Shared.Tests\vos.Auth.Shared.Tests.csproj", "{6D281360-FE67-41D2-AE81-332CA1E415CE}"
EndProject
Project("{FAE04EC0-301F-11D3-BF4B-00C04F79EFBC}") = "vos.Service.Shared.Tests", "Tests\vos.Service.Shared.Tests\vos.Service.Shared.Tests.csproj", "{806216F3-A0EA-4A1D-8D46-21CB73979E1B}"
EndProject
Project("{FAE04EC0-301F-11D3-BF4B-00C04F79EFBC}") = "vos.Service.CSharp.Echo.Tests", "Tests\vos.Service.CSharp.Echo.Tests\vos.Service.CSharp.Echo.Tests.csproj", "{DA70415D-E939-412B-9991-3AB3528BE5CF}"
EndProject
Project("{FAE04EC0-301F-11D3-BF4B-00C04F79EFBC}") = "vos.Service.Shared.Contracts.Tests", "Tests\vos.Service.Shared.Contracts.Tests\vos.Service.Shared.Contracts.Tests.csproj", "{32A5DBCC-F9D2-42F8-8771-2A4E21EB79F0}"
EndProject
Project("{FAE04EC0-301F-11D3-BF4B-00C04F79EFBC}") = "vos.Service.Phloem", "vos.Service.Phloem\vos.Service.Phloem.csproj", "{C01877D8-5500-4D8C-8281-33C054623140}"
EndProject
Project("{FAE04EC0-301F-11D3-BF4B-00C04F79EFBC}") = "vos.Service.Phloem.Tests", "Tests\vos.Service.Phloem.Tests\vos.Service.Phloem.Tests.csproj", "{B91EE4A9-BDCD-4B05-A053-BF8D0EB0EC32}"
EndProject
Project("{FAE04EC0-301F-11D3-BF4B-00C04F79EFBC}") = "vos.Service.WaterReserve", "vos.Service.WaterReserve\vos.Service.WaterReserve.csproj", "{F39B4B83-D1B2-4FB9-A60F-DB42A1B8D163}"
EndProject
Project("{FAE04EC0-301F-11D3-BF4B-00C04F79EFBC}") = "vos.Service.WaterReserve.Tests", "Tests\vos.Service.WaterReserve.Tests\vos.Service.WaterReserve.Tests.csproj", "{97AE4641-7185-4947-87AE-3782AB315859}"
EndProject
Project("{FAE04EC0-301F-11D3-BF4B-00C04F79EFBC}") = "vos.Service.EnergyBalance", "vos.Service.EnergyBalance\vos.Service.EnergyBalance.csproj", "{7DE42474-3537-4A02-B9F8-DAE32CB7150D}"
EndProject
Project("{FAE04EC0-301F-11D3-BF4B-00C04F79EFBC}") = "vos.Service.EnergyBalance.Tests", "Tests\vos.Service.EnergyBalance.Tests\vos.Service.EnergyBalance.Tests.csproj", "{AF389604-9A88-4BCC-9753-BCB2F51322D1}"
EndProject
Project("{FAE04EC0-301F-11D3-BF4B-00C04F79EFBC}") = "vos.Service.Xylem", "vos.Service.Xylem\vos.Service.Xylem.csproj", "{A84B35A2-E388-45D6-A284-0EA1BA406C2E}"
EndProject
Project("{FAE04EC0-301F-11D3-BF4B-00C04F79EFBC}") = "vos.Service.Xylem.Tests", "Tests\vos.Service.Xylem.Tests\vos.Service.Xylem.Tests.csproj", "{CEE13368-90CE-4E3A-82E6-EF142BF8E3C2}"
EndProject
Project("{FAE04EC0-301F-11D3-BF4B-00C04F79EFBC}") = "vos.Service.ModelBridge", "vos.Service.ModelBridge\vos.Service.ModelBridge.csproj", "{28C9BCAA-899F-4EEC-8156-CDB7AC4F60A3}"
EndProject
Project("{FAE04EC0-301F-11D3-BF4B-00C04F79EFBC}") = "vos.Service.ModelBridge.Tests", "Tests\vos.Service.ModelBridge.Tests\vos.Service.ModelBridge.Tests.csproj", "{8809C3D8-1062-41CE-A8D1-AEAD0A3AB7C7}"
EndProject
Project("{FAE04EC0-301F-11D3-BF4B-00C04F79EFBC}") = "vos.Service.Intake", "vos.Service.Intake\vos.Service.Intake.csproj", "{AD1A2867-D115-4365-8444-6DF908B8FE30}"
EndProject
Project("{FAE04EC0-301F-11D3-BF4B-00C04F79EFBC}") = "vos.Service.Intake.Tests", "Tests\vos.Service.Intake.Tests\vos.Service.Intake.Tests.csproj", "{6772F7F7-3C07-4644-8C99-4E1BBD4D64FC}"
EndProject
Project("{FAE04EC0-301F-11D3-BF4B-00C04F79EFBC}") = "vos.ContinuousIntegration.Tests", "Tests\vos.ContinuousIntegration.Tests\vos.ContinuousIntegration.Tests.csproj", "{98EC7670-7822-4D24-B165-48295397DCB6}"
EndProject
Project("{FAE04EC0-301F-11D3-BF4B-00C04F79EFBC}") = "vos.Service.Confluence", "vos.Service.Confluence\vos.Service.Confluence.csproj", "{F764CE21-B11E-49E7-91AC-FAD8E01221C6}"
EndProject
Project("{FAE04EC0-301F-11D3-BF4B-00C04F79EFBC}") = "vos.Service.Confluence.Tests", "Tests\vos.Service.Confluence.Tests\vos.Service.Confluence.Tests.csproj", "{88EA6FD5-A34E-4094-B6C8-B69713D71E18}"
EndProject
Project("{FAE04EC0-301F-11D3-BF4B-00C04F79EFBC}") = "vos.Service.LandAllocation", "vos.Service.LandAllocation\vos.Service.LandAllocation.csproj", "{0F610CB8-9B99-4EA8-86DD-D9D2EC67D340}"
EndProject
Project("{FAE04EC0-301F-11D3-BF4B-00C04F79EFBC}") = "vos.Service.LandAllocation.Tests", "Tests\vos.Service.LandAllocation.Tests\vos.Service.LandAllocation.Tests.csproj", "{DE919BBF-453C-4DBA-B199-364E5AC556AB}"
EndProject
Project("{FAE04EC0-301F-11D3-BF4B-00C04F79EFBC}") = "vos.Service.FoodBalance", "vos.Service.FoodBalance\vos.Service.FoodBalance.csproj", "{1CC87AF0-E824-4762-B3F8-9CFA9D4B4567}"
EndProject
Project("{FAE04EC0-301F-11D3-BF4B-00C04F79EFBC}") = "vos.Service.FoodBalance.Tests", "Tests\vos.Service.FoodBalance.Tests\vos.Service.FoodBalance.Tests.csproj", "{56E1B946-15EE-4D46-A9A7-35ACAE0D9B93}"
EndProject
Project("{FAE04EC0-301F-11D3-BF4B-00C04F79EFBC}") = "vos.Service.RainwaterHarvest", "vos.Service.RainwaterHarvest\vos.Service.RainwaterHarvest.csproj", "{250EC655-BF33-4012-90E9-423D0C4C9778}"
EndProject
Project("{FAE04EC0-301F-11D3-BF4B-00C04F79EFBC}") = "vos.Service.RainwaterHarvest.Tests", "Tests\vos.Service.RainwaterHarvest.Tests\vos.Service.RainwaterHarvest.Tests.csproj", "{03182F77-B771-4C9D-9327-47BB6666CE43}"
EndProject
Global
	GlobalSection(SolutionConfigurationPlatforms) = preSolution
		Debug|Any CPU = Debug|Any CPU
		Debug|x64 = Debug|x64
		Debug|x86 = Debug|x86
		Release|Any CPU = Release|Any CPU
		Release|x64 = Release|x64
		Release|x86 = Release|x86
	EndGlobalSection
	GlobalSection(ProjectConfigurationPlatforms) = postSolution
		{F240CB05-815F-403C-9675-5CE8D8C4E453}.Debug|Any CPU.ActiveCfg = Debug|Any CPU
		{F240CB05-815F-403C-9675-5CE8D8C4E453}.Debug|Any CPU.Build.0 = Debug|Any CPU
		{F240CB05-815F-403C-9675-5CE8D8C4E453}.Debug|x64.ActiveCfg = Debug|Any CPU
		{F240CB05-815F-403C-9675-5CE8D8C4E453}.Debug|x64.Build.0 = Debug|Any CPU
		{F240CB05-815F-403C-9675-5CE8D8C4E453}.Debug|x86.ActiveCfg = Debug|Any CPU
		{F240CB05-815F-403C-9675-5CE8D8C4E453}.Debug|x86.Build.0 = Debug|Any CPU
		{F240CB05-815F-403C-9675-5CE8D8C4E453}.Release|Any CPU.ActiveCfg = Release|Any CPU
		{F240CB05-815F-403C-9675-5CE8D8C4E453}.Release|Any CPU.Build.0 = Release|Any CPU
		{F240CB05-815F-403C-9675-5CE8D8C4E453}.Release|x64.ActiveCfg = Release|Any CPU
		{F240CB05-815F-403C-9675-5CE8D8C4E453}.Release|x64.Build.0 = Release|Any CPU
		{F240CB05-815F-403C-9675-5CE8D8C4E453}.Release|x86.ActiveCfg = Release|Any CPU
		{F240CB05-815F-403C-9675-5CE8D8C4E453}.Release|x86.Build.0 = Release|Any CPU
		{D617BFB1-752C-47FF-BA32-5E59E143BCBF}.Debug|Any CPU.ActiveCfg = Debug|Any CPU
		{D617BFB1-752C-47FF-BA32-5E59E143BCBF}.Debug|Any CPU.Build.0 = Debug|Any CPU
		{D617BFB1-752C-47FF-BA32-5E59E143BCBF}.Debug|x64.ActiveCfg = Debug|Any CPU
		{D617BFB1-752C-47FF-BA32-5E59E143BCBF}.Debug|x64.Build.0 = Debug|Any CPU
		{D617BFB1-752C-47FF-BA32-5E59E143BCBF}.Debug|x86.ActiveCfg = Debug|Any CPU
		{D617BFB1-752C-47FF-BA32-5E59E143BCBF}.Debug|x86.Build.0 = Debug|Any CPU
		{D617BFB1-752C-47FF-BA32-5E59E143BCBF}.Release|Any CPU.ActiveCfg = Release|Any CPU
		{D617BFB1-752C-47FF-BA32-5E59E143BCBF}.Release|Any CPU.Build.0 = Release|Any CPU
		{D617BFB1-752C-47FF-BA32-5E59E143BCBF}.Release|x64.ActiveCfg = Release|Any CPU
		{D617BFB1-752C-47FF-BA32-5E59E143BCBF}.Release|x64.Build.0 = Release|Any CPU
		{D617BFB1-752C-47FF-BA32-5E59E143BCBF}.Release|x86.ActiveCfg = Release|Any CPU
		{D617BFB1-752C-47FF-BA32-5E59E143BCBF}.Release|x86.Build.0 = Release|Any CPU
		{A1AC1C9F-596B-43A8-B5AF-0C95266C3668}.Debug|Any CPU.ActiveCfg = Debug|Any CPU
		{A1AC1C9F-596B-43A8-B5AF-0C95266C3668}.Debug|Any CPU.Build.0 = Debug|Any CPU
		{A1AC1C9F-596B-43A8-B5AF-0C95266C3668}.Debug|x64.ActiveCfg = Debug|Any CPU
		{A1AC1C9F-596B-43A8-B5AF-0C95266C3668}.Debug|x64.Build.0 = Debug|Any CPU
		{A1AC1C9F-596B-43A8-B5AF-0C95266C3668}.Debug|x86.ActiveCfg = Debug|Any CPU
		{A1AC1C9F-596B-43A8-B5AF-0C95266C3668}.Debug|x86.Build.0 = Debug|Any CPU
		{A1AC1C9F-596B-43A8-B5AF-0C95266C3668}.Release|Any CPU.ActiveCfg = Release|Any CPU
		{A1AC1C9F-596B-43A8-B5AF-0C95266C3668}.Release|Any CPU.Build.0 = Release|Any CPU
		{A1AC1C9F-596B-43A8-B5AF-0C95266C3668}.Release|x64.ActiveCfg = Release|Any CPU
		{A1AC1C9F-596B-43A8-B5AF-0C95266C3668}.Release|x64.Build.0 = Release|Any CPU
		{A1AC1C9F-596B-43A8-B5AF-0C95266C3668}.Release|x86.ActiveCfg = Release|Any CPU
		{A1AC1C9F-596B-43A8-B5AF-0C95266C3668}.Release|x86.Build.0 = Release|Any CPU
		{3F6FB066-C4D9-45E2-B4E8-460BA8470050}.Debug|Any CPU.ActiveCfg = Debug|Any CPU
		{3F6FB066-C4D9-45E2-B4E8-460BA8470050}.Debug|Any CPU.Build.0 = Debug|Any CPU
		{3F6FB066-C4D9-45E2-B4E8-460BA8470050}.Debug|x64.ActiveCfg = Debug|Any CPU
		{3F6FB066-C4D9-45E2-B4E8-460BA8470050}.Debug|x64.Build.0 = Debug|Any CPU
		{3F6FB066-C4D9-45E2-B4E8-460BA8470050}.Debug|x86.ActiveCfg = Debug|Any CPU
		{3F6FB066-C4D9-45E2-B4E8-460BA8470050}.Debug|x86.Build.0 = Debug|Any CPU
		{3F6FB066-C4D9-45E2-B4E8-460BA8470050}.Release|Any CPU.ActiveCfg = Release|Any CPU
		{3F6FB066-C4D9-45E2-B4E8-460BA8470050}.Release|Any CPU.Build.0 = Release|Any CPU
		{3F6FB066-C4D9-45E2-B4E8-460BA8470050}.Release|x64.ActiveCfg = Release|Any CPU
		{3F6FB066-C4D9-45E2-B4E8-460BA8470050}.Release|x64.Build.0 = Release|Any CPU
		{3F6FB066-C4D9-45E2-B4E8-460BA8470050}.Release|x86.ActiveCfg = Release|Any CPU
		{3F6FB066-C4D9-45E2-B4E8-460BA8470050}.Release|x86.Build.0 = Release|Any CPU
		{A965EFA3-B25D-4C60-B0CA-B1CEEF39D1D0}.Debug|Any CPU.ActiveCfg = Debug|Any CPU
		{A965EFA3-B25D-4C60-B0CA-B1CEEF39D1D0}.Debug|Any CPU.Build.0 = Debug|Any CPU
		{A965EFA3-B25D-4C60-B0CA-B1CEEF39D1D0}.Debug|x64.ActiveCfg = Debug|Any CPU
		{A965EFA3-B25D-4C60-B0CA-B1CEEF39D1D0}.Debug|x64.Build.0 = Debug|Any CPU
		{A965EFA3-B25D-4C60-B0CA-B1CEEF39D1D0}.Debug|x86.ActiveCfg = Debug|Any CPU
		{A965EFA3-B25D-4C60-B0CA-B1CEEF39D1D0}.Debug|x86.Build.0 = Debug|Any CPU
		{A965EFA3-B25D-4C60-B0CA-B1CEEF39D1D0}.Release|Any CPU.ActiveCfg = Release|Any CPU
		{A965EFA3-B25D-4C60-B0CA-B1CEEF39D1D0}.Release|Any CPU.Build.0 = Release|Any CPU
		{A965EFA3-B25D-4C60-B0CA-B1CEEF39D1D0}.Release|x64.ActiveCfg = Release|Any CPU
		{A965EFA3-B25D-4C60-B0CA-B1CEEF39D1D0}.Release|x64.Build.0 = Release|Any CPU
		{A965EFA3-B25D-4C60-B0CA-B1CEEF39D1D0}.Release|x86.ActiveCfg = Release|Any CPU
		{A965EFA3-B25D-4C60-B0CA-B1CEEF39D1D0}.Release|x86.Build.0 = Release|Any CPU
		{E2D2EFDE-4310-42FD-9F53-F2497958FDB2}.Debug|Any CPU.ActiveCfg = Debug|Any CPU
		{E2D2EFDE-4310-42FD-9F53-F2497958FDB2}.Debug|Any CPU.Build.0 = Debug|Any CPU
		{E2D2EFDE-4310-42FD-9F53-F2497958FDB2}.Debug|x64.ActiveCfg = Debug|Any CPU
		{E2D2EFDE-4310-42FD-9F53-F2497958FDB2}.Debug|x64.Build.0 = Debug|Any CPU
		{E2D2EFDE-4310-42FD-9F53-F2497958FDB2}.Debug|x86.ActiveCfg = Debug|Any CPU
		{E2D2EFDE-4310-42FD-9F53-F2497958FDB2}.Debug|x86.Build.0 = Debug|Any CPU
		{E2D2EFDE-4310-42FD-9F53-F2497958FDB2}.Release|Any CPU.ActiveCfg = Release|Any CPU
		{E2D2EFDE-4310-42FD-9F53-F2497958FDB2}.Release|Any CPU.Build.0 = Release|Any CPU
		{E2D2EFDE-4310-42FD-9F53-F2497958FDB2}.Release|x64.ActiveCfg = Release|Any CPU
		{E2D2EFDE-4310-42FD-9F53-F2497958FDB2}.Release|x64.Build.0 = Release|Any CPU
		{E2D2EFDE-4310-42FD-9F53-F2497958FDB2}.Release|x86.ActiveCfg = Release|Any CPU
		{E2D2EFDE-4310-42FD-9F53-F2497958FDB2}.Release|x86.Build.0 = Release|Any CPU
		{0E12CE73-0C74-45ED-B992-0DAA73C20F9B}.Debug|Any CPU.ActiveCfg = Debug|Any CPU
		{0E12CE73-0C74-45ED-B992-0DAA73C20F9B}.Debug|Any CPU.Build.0 = Debug|Any CPU
		{0E12CE73-0C74-45ED-B992-0DAA73C20F9B}.Debug|x64.ActiveCfg = Debug|Any CPU
		{0E12CE73-0C74-45ED-B992-0DAA73C20F9B}.Debug|x64.Build.0 = Debug|Any CPU
		{0E12CE73-0C74-45ED-B992-0DAA73C20F9B}.Debug|x86.ActiveCfg = Debug|Any CPU
		{0E12CE73-0C74-45ED-B992-0DAA73C20F9B}.Debug|x86.Build.0 = Debug|Any CPU
		{0E12CE73-0C74-45ED-B992-0DAA73C20F9B}.Release|Any CPU.ActiveCfg = Release|Any CPU
		{0E12CE73-0C74-45ED-B992-0DAA73C20F9B}.Release|Any CPU.Build.0 = Release|Any CPU
		{0E12CE73-0C74-45ED-B992-0DAA73C20F9B}.Release|x64.ActiveCfg = Release|Any CPU
		{0E12CE73-0C74-45ED-B992-0DAA73C20F9B}.Release|x64.Build.0 = Release|Any CPU
		{0E12CE73-0C74-45ED-B992-0DAA73C20F9B}.Release|x86.ActiveCfg = Release|Any CPU
		{0E12CE73-0C74-45ED-B992-0DAA73C20F9B}.Release|x86.Build.0 = Release|Any CPU
		{7815A567-304B-4F06-80D6-6D4CBE28C597}.Debug|Any CPU.ActiveCfg = Debug|Any CPU
		{7815A567-304B-4F06-80D6-6D4CBE28C597}.Debug|Any CPU.Build.0 = Debug|Any CPU
		{7815A567-304B-4F06-80D6-6D4CBE28C597}.Debug|x64.ActiveCfg = Debug|Any CPU
		{7815A567-304B-4F06-80D6-6D4CBE28C597}.Debug|x64.Build.0 = Debug|Any CPU
		{7815A567-304B-4F06-80D6-6D4CBE28C597}.Debug|x86.ActiveCfg = Debug|Any CPU
		{7815A567-304B-4F06-80D6-6D4CBE28C597}.Debug|x86.Build.0 = Debug|Any CPU
		{7815A567-304B-4F06-80D6-6D4CBE28C597}.Release|Any CPU.ActiveCfg = Release|Any CPU
		{7815A567-304B-4F06-80D6-6D4CBE28C597}.Release|Any CPU.Build.0 = Release|Any CPU
		{7815A567-304B-4F06-80D6-6D4CBE28C597}.Release|x64.ActiveCfg = Release|Any CPU
		{7815A567-304B-4F06-80D6-6D4CBE28C597}.Release|x64.Build.0 = Release|Any CPU
		{7815A567-304B-4F06-80D6-6D4CBE28C597}.Release|x86.ActiveCfg = Release|Any CPU
		{7815A567-304B-4F06-80D6-6D4CBE28C597}.Release|x86.Build.0 = Release|Any CPU
		{65ED47C1-2B5D-47CB-8755-2B011BA36680}.Debug|Any CPU.ActiveCfg = Debug|Any CPU
		{65ED47C1-2B5D-47CB-8755-2B011BA36680}.Debug|Any CPU.Build.0 = Debug|Any CPU
		{65ED47C1-2B5D-47CB-8755-2B011BA36680}.Debug|x64.ActiveCfg = Debug|Any CPU
		{65ED47C1-2B5D-47CB-8755-2B011BA36680}.Debug|x64.Build.0 = Debug|Any CPU
		{65ED47C1-2B5D-47CB-8755-2B011BA36680}.Debug|x86.ActiveCfg = Debug|Any CPU
		{65ED47C1-2B5D-47CB-8755-2B011BA36680}.Debug|x86.Build.0 = Debug|Any CPU
		{65ED47C1-2B5D-47CB-8755-2B011BA36680}.Release|Any CPU.ActiveCfg = Release|Any CPU
		{65ED47C1-2B5D-47CB-8755-2B011BA36680}.Release|Any CPU.Build.0 = Release|Any CPU
		{65ED47C1-2B5D-47CB-8755-2B011BA36680}.Release|x64.ActiveCfg = Release|Any CPU
		{65ED47C1-2B5D-47CB-8755-2B011BA36680}.Release|x64.Build.0 = Release|Any CPU
		{65ED47C1-2B5D-47CB-8755-2B011BA36680}.Release|x86.ActiveCfg = Release|Any CPU
		{65ED47C1-2B5D-47CB-8755-2B011BA36680}.Release|x86.Build.0 = Release|Any CPU
		{451779A4-AFA8-48E2-9343-3009919331ED}.Debug|Any CPU.ActiveCfg = Debug|Any CPU
		{451779A4-AFA8-48E2-9343-3009919331ED}.Debug|Any CPU.Build.0 = Debug|Any CPU
		{451779A4-AFA8-48E2-9343-3009919331ED}.Debug|x64.ActiveCfg = Debug|Any CPU
		{451779A4-AFA8-48E2-9343-3009919331ED}.Debug|x64.Build.0 = Debug|Any CPU
		{451779A4-AFA8-48E2-9343-3009919331ED}.Debug|x86.ActiveCfg = Debug|Any CPU
		{451779A4-AFA8-48E2-9343-3009919331ED}.Debug|x86.Build.0 = Debug|Any CPU
		{451779A4-AFA8-48E2-9343-3009919331ED}.Release|Any CPU.ActiveCfg = Release|Any CPU
		{451779A4-AFA8-48E2-9343-3009919331ED}.Release|Any CPU.Build.0 = Release|Any CPU
		{451779A4-AFA8-48E2-9343-3009919331ED}.Release|x64.ActiveCfg = Release|Any CPU
		{451779A4-AFA8-48E2-9343-3009919331ED}.Release|x64.Build.0 = Release|Any CPU
		{451779A4-AFA8-48E2-9343-3009919331ED}.Release|x86.ActiveCfg = Release|Any CPU
		{451779A4-AFA8-48E2-9343-3009919331ED}.Release|x86.Build.0 = Release|Any CPU
		{06A09038-B5BC-4F2F-83F6-FAF7327BA2A2}.Debug|Any CPU.ActiveCfg = Debug|Any CPU
		{06A09038-B5BC-4F2F-83F6-FAF7327BA2A2}.Debug|Any CPU.Build.0 = Debug|Any CPU
		{06A09038-B5BC-4F2F-83F6-FAF7327BA2A2}.Debug|x64.ActiveCfg = Debug|Any CPU
		{06A09038-B5BC-4F2F-83F6-FAF7327BA2A2}.Debug|x64.Build.0 = Debug|Any CPU
		{06A09038-B5BC-4F2F-83F6-FAF7327BA2A2}.Debug|x86.ActiveCfg = Debug|Any CPU
		{06A09038-B5BC-4F2F-83F6-FAF7327BA2A2}.Debug|x86.Build.0 = Debug|Any CPU
		{06A09038-B5BC-4F2F-83F6-FAF7327BA2A2}.Release|Any CPU.ActiveCfg = Release|Any CPU
		{06A09038-B5BC-4F2F-83F6-FAF7327BA2A2}.Release|Any CPU.Build.0 = Release|Any CPU
		{06A09038-B5BC-4F2F-83F6-FAF7327BA2A2}.Release|x64.ActiveCfg = Release|Any CPU
		{06A09038-B5BC-4F2F-83F6-FAF7327BA2A2}.Release|x64.Build.0 = Release|Any CPU
		{06A09038-B5BC-4F2F-83F6-FAF7327BA2A2}.Release|x86.ActiveCfg = Release|Any CPU
		{06A09038-B5BC-4F2F-83F6-FAF7327BA2A2}.Release|x86.Build.0 = Release|Any CPU
		{CAC180D0-F60C-4DE5-8227-C2496D746F49}.Debug|Any CPU.ActiveCfg = Debug|Any CPU
		{CAC180D0-F60C-4DE5-8227-C2496D746F49}.Debug|Any CPU.Build.0 = Debug|Any CPU
		{CAC180D0-F60C-4DE5-8227-C2496D746F49}.Debug|x64.ActiveCfg = Debug|Any CPU
		{CAC180D0-F60C-4DE5-8227-C2496D746F49}.Debug|x64.Build.0 = Debug|Any CPU
		{CAC180D0-F60C-4DE5-8227-C2496D746F49}.Debug|x86.ActiveCfg = Debug|Any CPU
		{CAC180D0-F60C-4DE5-8227-C2496D746F49}.Debug|x86.Build.0 = Debug|Any CPU
		{CAC180D0-F60C-4DE5-8227-C2496D746F49}.Release|Any CPU.ActiveCfg = Release|Any CPU
		{CAC180D0-F60C-4DE5-8227-C2496D746F49}.Release|Any CPU.Build.0 = Release|Any CPU
		{CAC180D0-F60C-4DE5-8227-C2496D746F49}.Release|x64.ActiveCfg = Release|Any CPU
		{CAC180D0-F60C-4DE5-8227-C2496D746F49}.Release|x64.Build.0 = Release|Any CPU
		{CAC180D0-F60C-4DE5-8227-C2496D746F49}.Release|x86.ActiveCfg = Release|Any CPU
		{CAC180D0-F60C-4DE5-8227-C2496D746F49}.Release|x86.Build.0 = Release|Any CPU
		{6D281360-FE67-41D2-AE81-332CA1E415CE}.Debug|Any CPU.ActiveCfg = Debug|Any CPU
		{6D281360-FE67-41D2-AE81-332CA1E415CE}.Debug|Any CPU.Build.0 = Debug|Any CPU
		{6D281360-FE67-41D2-AE81-332CA1E415CE}.Debug|x64.ActiveCfg = Debug|Any CPU
		{6D281360-FE67-41D2-AE81-332CA1E415CE}.Debug|x64.Build.0 = Debug|Any CPU
		{6D281360-FE67-41D2-AE81-332CA1E415CE}.Debug|x86.ActiveCfg = Debug|Any CPU
		{6D281360-FE67-41D2-AE81-332CA1E415CE}.Debug|x86.Build.0 = Debug|Any CPU
		{6D281360-FE67-41D2-AE81-332CA1E415CE}.Release|Any CPU.ActiveCfg = Release|Any CPU
		{6D281360-FE67-41D2-AE81-332CA1E415CE}.Release|Any CPU.Build.0 = Release|Any CPU
		{6D281360-FE67-41D2-AE81-332CA1E415CE}.Release|x64.ActiveCfg = Release|Any CPU
		{6D281360-FE67-41D2-AE81-332CA1E415CE}.Release|x64.Build.0 = Release|Any CPU
		{6D281360-FE67-41D2-AE81-332CA1E415CE}.Release|x86.ActiveCfg = Release|Any CPU
		{6D281360-FE67-41D2-AE81-332CA1E415CE}.Release|x86.Build.0 = Release|Any CPU
		{806216F3-A0EA-4A1D-8D46-21CB73979E1B}.Debug|Any CPU.ActiveCfg = Debug|Any CPU
		{806216F3-A0EA-4A1D-8D46-21CB73979E1B}.Debug|Any CPU.Build.0 = Debug|Any CPU
		{806216F3-A0EA-4A1D-8D46-21CB73979E1B}.Debug|x64.ActiveCfg = Debug|Any CPU
		{806216F3-A0EA-4A1D-8D46-21CB73979E1B}.Debug|x64.Build.0 = Debug|Any CPU
		{806216F3-A0EA-4A1D-8D46-21CB73979E1B}.Debug|x86.ActiveCfg = Debug|Any CPU
		{806216F3-A0EA-4A1D-8D46-21CB73979E1B}.Debug|x86.Build.0 = Debug|Any CPU
		{806216F3-A0EA-4A1D-8D46-21CB73979E1B}.Release|Any CPU.ActiveCfg = Release|Any CPU
		{806216F3-A0EA-4A1D-8D46-21CB73979E1B}.Release|Any CPU.Build.0 = Release|Any CPU
		{806216F3-A0EA-4A1D-8D46-21CB73979E1B}.Release|x64.ActiveCfg = Release|Any CPU
		{806216F3-A0EA-4A1D-8D46-21CB73979E1B}.Release|x64.Build.0 = Release|Any CPU
		{806216F3-A0EA-4A1D-8D46-21CB73979E1B}.Release|x86.ActiveCfg = Release|Any CPU
		{806216F3-A0EA-4A1D-8D46-21CB73979E1B}.Release|x86.Build.0 = Release|Any CPU
		{DA70415D-E939-412B-9991-3AB3528BE5CF}.Debug|Any CPU.ActiveCfg = Debug|Any CPU
		{DA70415D-E939-412B-9991-3AB3528BE5CF}.Debug|Any CPU.Build.0 = Debug|Any CPU
		{DA70415D-E939-412B-9991-3AB3528BE5CF}.Debug|x64.ActiveCfg = Debug|Any CPU
		{DA70415D-E939-412B-9991-3AB3528BE5CF}.Debug|x64.Build.0 = Debug|Any CPU
		{DA70415D-E939-412B-9991-3AB3528BE5CF}.Debug|x86.ActiveCfg = Debug|Any CPU
		{DA70415D-E939-412B-9991-3AB3528BE5CF}.Debug|x86.Build.0 = Debug|Any CPU
		{DA70415D-E939-412B-9991-3AB3528BE5CF}.Release|Any CPU.ActiveCfg = Release|Any CPU
		{DA70415D-E939-412B-9991-3AB3528BE5CF}.Release|Any CPU.Build.0 = Release|Any CPU
		{DA70415D-E939-412B-9991-3AB3528BE5CF}.Release|x64.ActiveCfg = Release|Any CPU
		{DA70415D-E939-412B-9991-3AB3528BE5CF}.Release|x64.Build.0 = Release|Any CPU
		{DA70415D-E939-412B-9991-3AB3528BE5CF}.Release|x86.ActiveCfg = Release|Any CPU
		{DA70415D-E939-412B-9991-3AB3528BE5CF}.Release|x86.Build.0 = Release|Any CPU
		{32A5DBCC-F9D2-42F8-8771-2A4E21EB79F0}.Debug|Any CPU.ActiveCfg = Debug|Any CPU
		{32A5DBCC-F9D2-42F8-8771-2A4E21EB79F0}.Debug|Any CPU.Build.0 = Debug|Any CPU
		{32A5DBCC-F9D2-42F8-8771-2A4E21EB79F0}.Debug|x64.ActiveCfg = Debug|Any CPU
		{32A5DBCC-F9D2-42F8-8771-2A4E21EB79F0}.Debug|x64.Build.0 = Debug|Any CPU
		{32A5DBCC-F9D2-42F8-8771-2A4E21EB79F0}.Debug|x86.ActiveCfg = Debug|Any CPU
		{32A5DBCC-F9D2-42F8-8771-2A4E21EB79F0}.Debug|x86.Build.0 = Debug|Any CPU
		{32A5DBCC-F9D2-42F8-8771-2A4E21EB79F0}.Release|Any CPU.ActiveCfg = Release|Any CPU
		{32A5DBCC-F9D2-42F8-8771-2A4E21EB79F0}.Release|Any CPU.Build.0 = Release|Any CPU
		{32A5DBCC-F9D2-42F8-8771-2A4E21EB79F0}.Release|x64.ActiveCfg = Release|Any CPU
		{32A5DBCC-F9D2-42F8-8771-2A4E21EB79F0}.Release|x64.Build.0 = Release|Any CPU
		{32A5DBCC-F9D2-42F8-8771-2A4E21EB79F0}.Release|x86.ActiveCfg = Release|Any CPU
		{32A5DBCC-F9D2-42F8-8771-2A4E21EB79F0}.Release|x86.Build.0 = Release|Any CPU
		{C01877D8-5500-4D8C-8281-33C054623140}.Debug|Any CPU.ActiveCfg = Debug|Any CPU
		{C01877D8-5500-4D8C-8281-33C054623140}.Debug|Any CPU.Build.0 = Debug|Any CPU
		{C01877D8-5500-4D8C-8281-33C054623140}.Debug|x64.ActiveCfg = Debug|Any CPU
		{C01877D8-5500-4D8C-8281-33C054623140}.Debug|x64.Build.0 = Debug|Any CPU
		{C01877D8-5500-4D8C-8281-33C054623140}.Debug|x86.ActiveCfg = Debug|Any CPU
		{C01877D8-5500-4D8C-8281-33C054623140}.Debug|x86.Build.0 = Debug|Any CPU
		{C01877D8-5500-4D8C-8281-33C054623140}.Release|Any CPU.ActiveCfg = Release|Any CPU
		{C01877D8-5500-4D8C-8281-33C054623140}.Release|Any CPU.Build.0 = Release|Any CPU
		{C01877D8-5500-4D8C-8281-33C054623140}.Release|x64.ActiveCfg = Release|Any CPU
		{C01877D8-5500-4D8C-8281-33C054623140}.Release|x64.Build.0 = Release|Any CPU
		{C01877D8-5500-4D8C-8281-33C054623140}.Release|x86.ActiveCfg = Release|Any CPU
		{C01877D8-5500-4D8C-8281-33C054623140}.Release|x86.Build.0 = Release|Any CPU
		{B91EE4A9-BDCD-4B05-A053-BF8D0EB0EC32}.Debug|Any CPU.ActiveCfg = Debug|Any CPU
		{B91EE4A9-BDCD-4B05-A053-BF8D0EB0EC32}.Debug|Any CPU.Build.0 = Debug|Any CPU
		{B91EE4A9-BDCD-4B05-A053-BF8D0EB0EC32}.Debug|x64.ActiveCfg = Debug|Any CPU
		{B91EE4A9-BDCD-4B05-A053-BF8D0EB0EC32}.Debug|x64.Build.0 = Debug|Any CPU
		{B91EE4A9-BDCD-4B05-A053-BF8D0EB0EC32}.Debug|x86.ActiveCfg = Debug|Any CPU
		{B91EE4A9-BDCD-4B05-A053-BF8D0EB0EC32}.Debug|x86.Build.0 = Debug|Any CPU
		{B91EE4A9-BDCD-4B05-A053-BF8D0EB0EC32}.Release|Any CPU.ActiveCfg = Release|Any CPU
		{B91EE4A9-BDCD-4B05-A053-BF8D0EB0EC32}.Release|Any CPU.Build.0 = Release|Any CPU
		{B91EE4A9-BDCD-4B05-A053-BF8D0EB0EC32}.Release|x64.ActiveCfg = Release|Any CPU
		{B91EE4A9-BDCD-4B05-A053-BF8D0EB0EC32}.Release|x64.Build.0 = Release|Any CPU
		{B91EE4A9-BDCD-4B05-A053-BF8D0EB0EC32}.Release|x86.ActiveCfg = Release|Any CPU
		{B91EE4A9-BDCD-4B05-A053-BF8D0EB0EC32}.Release|x86.Build.0 = Release|Any CPU
		{F39B4B83-D1B2-4FB9-A60F-DB42A1B8D163}.Debug|Any CPU.ActiveCfg = Debug|Any CPU
		{F39B4B83-D1B2-4FB9-A60F-DB42A1B8D163}.Debug|Any CPU.Build.0 = Debug|Any CPU
		{F39B4B83-D1B2-4FB9-A60F-DB42A1B8D163}.Debug|x64.ActiveCfg = Debug|Any CPU
		{F39B4B83-D1B2-4FB9-A60F-DB42A1B8D163}.Debug|x64.Build.0 = Debug|Any CPU
		{F39B4B83-D1B2-4FB9-A60F-DB42A1B8D163}.Debug|x86.ActiveCfg = Debug|Any CPU
		{F39B4B83-D1B2-4FB9-A60F-DB42A1B8D163}.Debug|x86.Build.0 = Debug|Any CPU
		{F39B4B83-D1B2-4FB9-A60F-DB42A1B8D163}.Release|Any CPU.ActiveCfg = Release|Any CPU
		{F39B4B83-D1B2-4FB9-A60F-DB42A1B8D163}.Release|Any CPU.Build.0 = Release|Any CPU
		{F39B4B83-D1B2-4FB9-A60F-DB42A1B8D163}.Release|x64.ActiveCfg = Release|Any CPU
		{F39B4B83-D1B2-4FB9-A60F-DB42A1B8D163}.Release|x64.Build.0 = Release|Any CPU
		{F39B4B83-D1B2-4FB9-A60F-DB42A1B8D163}.Release|x86.ActiveCfg = Release|Any CPU
		{F39B4B83-D1B2-4FB9-A60F-DB42A1B8D163}.Release|x86.Build.0 = Release|Any CPU
		{97AE4641-7185-4947-87AE-3782AB315859}.Debug|Any CPU.ActiveCfg = Debug|Any CPU
		{97AE4641-7185-4947-87AE-3782AB315859}.Debug|Any CPU.Build.0 = Debug|Any CPU
		{97AE4641-7185-4947-87AE-3782AB315859}.Debug|x64.ActiveCfg = Debug|Any CPU
		{97AE4641-7185-4947-87AE-3782AB315859}.Debug|x64.Build.0 = Debug|Any CPU
		{97AE4641-7185-4947-87AE-3782AB315859}.Debug|x86.ActiveCfg = Debug|Any CPU
		{97AE4641-7185-4947-87AE-3782AB315859}.Debug|x86.Build.0 = Debug|Any CPU
		{97AE4641-7185-4947-87AE-3782AB315859}.Release|Any CPU.ActiveCfg = Release|Any CPU
		{97AE4641-7185-4947-87AE-3782AB315859}.Release|Any CPU.Build.0 = Release|Any CPU
		{97AE4641-7185-4947-87AE-3782AB315859}.Release|x64.ActiveCfg = Release|Any CPU
		{97AE4641-7185-4947-87AE-3782AB315859}.Release|x64.Build.0 = Release|Any CPU
		{97AE4641-7185-4947-87AE-3782AB315859}.Release|x86.ActiveCfg = Release|Any CPU
		{97AE4641-7185-4947-87AE-3782AB315859}.Release|x86.Build.0 = Release|Any CPU
		{7DE42474-3537-4A02-B9F8-DAE32CB7150D}.Debug|Any CPU.ActiveCfg = Debug|Any CPU
		{7DE42474-3537-4A02-B9F8-DAE32CB7150D}.Debug|Any CPU.Build.0 = Debug|Any CPU
		{7DE42474-3537-4A02-B9F8-DAE32CB7150D}.Debug|x64.ActiveCfg = Debug|Any CPU
		{7DE42474-3537-4A02-B9F8-DAE32CB7150D}.Debug|x64.Build.0 = Debug|Any CPU
		{7DE42474-3537-4A02-B9F8-DAE32CB7150D}.Debug|x86.ActiveCfg = Debug|Any CPU
		{7DE42474-3537-4A02-B9F8-DAE32CB7150D}.Debug|x86.Build.0 = Debug|Any CPU
		{7DE42474-3537-4A02-B9F8-DAE32CB7150D}.Release|Any CPU.ActiveCfg = Release|Any CPU
		{7DE42474-3537-4A02-B9F8-DAE32CB7150D}.Release|Any CPU.Build.0 = Release|Any CPU
		{7DE42474-3537-4A02-B9F8-DAE32CB7150D}.Release|x64.ActiveCfg = Release|Any CPU
		{7DE42474-3537-4A02-B9F8-DAE32CB7150D}.Release|x64.Build.0 = Release|Any CPU
		{7DE42474-3537-4A02-B9F8-DAE32CB7150D}.Release|x86.ActiveCfg = Release|Any CPU
		{7DE42474-3537-4A02-B9F8-DAE32CB7150D}.Release|x86.Build.0 = Release|Any CPU
		{AF389604-9A88-4BCC-9753-BCB2F51322D1}.Debug|Any CPU.ActiveCfg = Debug|Any CPU
		{AF389604-9A88-4BCC-9753-BCB2F51322D1}.Debug|Any CPU.Build.0 = Debug|Any CPU
		{AF389604-9A88-4BCC-9753-BCB2F51322D1}.Debug|x64.ActiveCfg = Debug|Any CPU
		{AF389604-9A88-4BCC-9753-BCB2F51322D1}.Debug|x64.Build.0 = Debug|Any CPU
		{AF389604-9A88-4BCC-9753-BCB2F51322D1}.Debug|x86.ActiveCfg = Debug|Any CPU
		{AF389604-9A88-4BCC-9753-BCB2F51322D1}.Debug|x86.Build.0 = Debug|Any CPU
		{AF389604-9A88-4BCC-9753-BCB2F51322D1}.Release|Any CPU.ActiveCfg = Release|Any CPU
		{AF389604-9A88-4BCC-9753-BCB2F51322D1}.Release|Any CPU.Build.0 = Release|Any CPU
		{AF389604-9A88-4BCC-9753-BCB2F51322D1}.Release|x64.ActiveCfg = Release|Any CPU
		{AF389604-9A88-4BCC-9753-BCB2F51322D1}.Release|x64.Build.0 = Release|Any CPU
		{AF389604-9A88-4BCC-9753-BCB2F51322D1}.Release|x86.ActiveCfg = Release|Any CPU
		{AF389604-9A88-4BCC-9753-BCB2F51322D1}.Release|x86.Build.0 = Release|Any CPU
		{A84B35A2-E388-45D6-A284-0EA1BA406C2E}.Debug|Any CPU.ActiveCfg = Debug|Any CPU
		{A84B35A2-E388-45D6-A284-0EA1BA406C2E}.Debug|Any CPU.Build.0 = Debug|Any CPU
		{A84B35A2-E388-45D6-A284-0EA1BA406C2E}.Debug|x64.ActiveCfg = Debug|Any CPU
		{A84B35A2-E388-45D6-A284-0EA1BA406C2E}.Debug|x64.Build.0 = Debug|Any CPU
		{A84B35A2-E388-45D6-A284-0EA1BA406C2E}.Debug|x86.ActiveCfg = Debug|Any CPU
		{A84B35A2-E388-45D6-A284-0EA1BA406C2E}.Debug|x86.Build.0 = Debug|Any CPU
		{A84B35A2-E388-45D6-A284-0EA1BA406C2E}.Release|Any CPU.ActiveCfg = Release|Any CPU
		{A84B35A2-E388-45D6-A284-0EA1BA406C2E}.Release|Any CPU.Build.0 = Release|Any CPU
		{A84B35A2-E388-45D6-A284-0EA1BA406C2E}.Release|x64.ActiveCfg = Release|Any CPU
		{A84B35A2-E388-45D6-A284-0EA1BA406C2E}.Release|x64.Build.0 = Release|Any CPU
		{A84B35A2-E388-45D6-A284-0EA1BA406C2E}.Release|x86.ActiveCfg = Release|Any CPU
		{A84B35A2-E388-45D6-A284-0EA1BA406C2E}.Release|x86.Build.0 = Release|Any CPU
		{CEE13368-90CE-4E3A-82E6-EF142BF8E3C2}.Debug|Any CPU.ActiveCfg = Debug|Any CPU
		{CEE13368-90CE-4E3A-82E6-EF142BF8E3C2}.Debug|Any CPU.Build.0 = Debug|Any CPU
		{CEE13368-90CE-4E3A-82E6-EF142BF8E3C2}.Debug|x64.ActiveCfg = Debug|Any CPU
		{CEE13368-90CE-4E3A-82E6-EF142BF8E3C2}.Debug|x64.Build.0 = Debug|Any CPU
		{CEE13368-90CE-4E3A-82E6-EF142BF8E3C2}.Debug|x86.ActiveCfg = Debug|Any CPU
		{CEE13368-90CE-4E3A-82E6-EF142BF8E3C2}.Debug|x86.Build.0 = Debug|Any CPU
		{CEE13368-90CE-4E3A-82E6-EF142BF8E3C2}.Release|Any CPU.ActiveCfg = Release|Any CPU
		{CEE13368-90CE-4E3A-82E6-EF142BF8E3C2}.Release|Any CPU.Build.0 = Release|Any CPU
		{CEE13368-90CE-4E3A-82E6-EF142BF8E3C2}.Release|x64.ActiveCfg = Release|Any CPU
		{CEE13368-90CE-4E3A-82E6-EF142BF8E3C2}.Release|x64.Build.0 = Release|Any CPU
		{CEE13368-90CE-4E3A-82E6-EF142BF8E3C2}.Release|x86.ActiveCfg = Release|Any CPU
		{CEE13368-90CE-4E3A-82E6-EF142BF8E3C2}.Release|x86.Build.0 = Release|Any CPU
		{28C9BCAA-899F-4EEC-8156-CDB7AC4F60A3}.Debug|Any CPU.ActiveCfg = Debug|Any CPU
		{28C9BCAA-899F-4EEC-8156-CDB7AC4F60A3}.Debug|Any CPU.Build.0 = Debug|Any CPU
		{28C9BCAA-899F-4EEC-8156-CDB7AC4F60A3}.Debug|x64.ActiveCfg = Debug|Any CPU
		{28C9BCAA-899F-4EEC-8156-CDB7AC4F60A3}.Debug|x64.Build.0 = Debug|Any CPU
		{28C9BCAA-899F-4EEC-8156-CDB7AC4F60A3}.Debug|x86.ActiveCfg = Debug|Any CPU
		{28C9BCAA-899F-4EEC-8156-CDB7AC4F60A3}.Debug|x86.Build.0 = Debug|Any CPU
		{28C9BCAA-899F-4EEC-8156-CDB7AC4F60A3}.Release|Any CPU.ActiveCfg = Release|Any CPU
		{28C9BCAA-899F-4EEC-8156-CDB7AC4F60A3}.Release|Any CPU.Build.0 = Release|Any CPU
		{28C9BCAA-899F-4EEC-8156-CDB7AC4F60A3}.Release|x64.ActiveCfg = Release|Any CPU
		{28C9BCAA-899F-4EEC-8156-CDB7AC4F60A3}.Release|x64.Build.0 = Release|Any CPU
		{28C9BCAA-899F-4EEC-8156-CDB7AC4F60A3}.Release|x86.ActiveCfg = Release|Any CPU
		{28C9BCAA-899F-4EEC-8156-CDB7AC4F60A3}.Release|x86.Build.0 = Release|Any CPU
		{8809C3D8-1062-41CE-A8D1-AEAD0A3AB7C7}.Debug|Any CPU.ActiveCfg = Debug|Any CPU
		{8809C3D8-1062-41CE-A8D1-AEAD0A3AB7C7}.Debug|Any CPU.Build.0 = Debug|Any CPU
		{8809C3D8-1062-41CE-A8D1-AEAD0A3AB7C7}.Debug|x64.ActiveCfg = Debug|Any CPU
		{8809C3D8-1062-41CE-A8D1-AEAD0A3AB7C7}.Debug|x64.Build.0 = Debug|Any CPU
		{8809C3D8-1062-41CE-A8D1-AEAD0A3AB7C7}.Debug|x86.ActiveCfg = Debug|Any CPU
		{8809C3D8-1062-41CE-A8D1-AEAD0A3AB7C7}.Debug|x86.Build.0 = Debug|Any CPU
		{8809C3D8-1062-41CE-A8D1-AEAD0A3AB7C7}.Release|Any CPU.ActiveCfg = Release|Any CPU
		{8809C3D8-1062-41CE-A8D1-AEAD0A3AB7C7}.Release|Any CPU.Build.0 = Release|Any CPU
		{8809C3D8-1062-41CE-A8D1-AEAD0A3AB7C7}.Release|x64.ActiveCfg = Release|Any CPU
		{8809C3D8-1062-41CE-A8D1-AEAD0A3AB7C7}.Release|x64.Build.0 = Release|Any CPU
		{8809C3D8-1062-41CE-A8D1-AEAD0A3AB7C7}.Release|x86.ActiveCfg = Release|Any CPU
		{8809C3D8-1062-41CE-A8D1-AEAD0A3AB7C7}.Release|x86.Build.0 = Release|Any CPU
		{AD1A2867-D115-4365-8444-6DF908B8FE30}.Debug|Any CPU.ActiveCfg = Debug|Any CPU
		{AD1A2867-D115-4365-8444-6DF908B8FE30}.Debug|Any CPU.Build.0 = Debug|Any CPU
		{AD1A2867-D115-4365-8444-6DF908B8FE30}.Debug|x64.ActiveCfg = Debug|Any CPU
		{AD1A2867-D115-4365-8444-6DF908B8FE30}.Debug|x64.Build.0 = Debug|Any CPU
		{AD1A2867-D115-4365-8444-6DF908B8FE30}.Debug|x86.ActiveCfg = Debug|Any CPU
		{AD1A2867-D115-4365-8444-6DF908B8FE30}.Debug|x86.Build.0 = Debug|Any CPU
		{AD1A2867-D115-4365-8444-6DF908B8FE30}.Release|Any CPU.ActiveCfg = Release|Any CPU
		{AD1A2867-D115-4365-8444-6DF908B8FE30}.Release|Any CPU.Build.0 = Release|Any CPU
		{AD1A2867-D115-4365-8444-6DF908B8FE30}.Release|x64.ActiveCfg = Release|Any CPU
		{AD1A2867-D115-4365-8444-6DF908B8FE30}.Release|x64.Build.0 = Release|Any CPU
		{AD1A2867-D115-4365-8444-6DF908B8FE30}.Release|x86.ActiveCfg = Release|Any CPU
		{AD1A2867-D115-4365-8444-6DF908B8FE30}.Release|x86.Build.0 = Release|Any CPU
		{6772F7F7-3C07-4644-8C99-4E1BBD4D64FC}.Debug|Any CPU.ActiveCfg = Debug|Any CPU
		{6772F7F7-3C07-4644-8C99-4E1BBD4D64FC}.Debug|Any CPU.Build.0 = Debug|Any CPU
		{6772F7F7-3C07-4644-8C99-4E1BBD4D64FC}.Debug|x64.ActiveCfg = Debug|Any CPU
		{6772F7F7-3C07-4644-8C99-4E1BBD4D64FC}.Debug|x64.Build.0 = Debug|Any CPU
		{6772F7F7-3C07-4644-8C99-4E1BBD4D64FC}.Debug|x86.ActiveCfg = Debug|Any CPU
		{6772F7F7-3C07-4644-8C99-4E1BBD4D64FC}.Debug|x86.Build.0 = Debug|Any CPU
		{6772F7F7-3C07-4644-8C99-4E1BBD4D64FC}.Release|Any CPU.ActiveCfg = Release|Any CPU
		{6772F7F7-3C07-4644-8C99-4E1BBD4D64FC}.Release|Any CPU.Build.0 = Release|Any CPU
		{6772F7F7-3C07-4644-8C99-4E1BBD4D64FC}.Release|x64.ActiveCfg = Release|Any CPU
		{6772F7F7-3C07-4644-8C99-4E1BBD4D64FC}.Release|x64.Build.0 = Release|Any CPU
		{6772F7F7-3C07-4644-8C99-4E1BBD4D64FC}.Release|x86.ActiveCfg = Release|Any CPU
		{6772F7F7-3C07-4644-8C99-4E1BBD4D64FC}.Release|x86.Build.0 = Release|Any CPU
		{98EC7670-7822-4D24-B165-48295397DCB6}.Debug|Any CPU.ActiveCfg = Debug|Any CPU
		{98EC7670-7822-4D24-B165-48295397DCB6}.Debug|Any CPU.Build.0 = Debug|Any CPU
		{98EC7670-7822-4D24-B165-48295397DCB6}.Debug|x64.ActiveCfg = Debug|Any CPU
		{98EC7670-7822-4D24-B165-48295397DCB6}.Debug|x64.Build.0 = Debug|Any CPU
		{98EC7670-7822-4D24-B165-48295397DCB6}.Debug|x86.ActiveCfg = Debug|Any CPU
		{98EC7670-7822-4D24-B165-48295397DCB6}.Debug|x86.Build.0 = Debug|Any CPU
		{98EC7670-7822-4D24-B165-48295397DCB6}.Release|Any CPU.ActiveCfg = Release|Any CPU
		{98EC7670-7822-4D24-B165-48295397DCB6}.Release|Any CPU.Build.0 = Release|Any CPU
		{98EC7670-7822-4D24-B165-48295397DCB6}.Release|x64.ActiveCfg = Release|Any CPU
		{98EC7670-7822-4D24-B165-48295397DCB6}.Release|x64.Build.0 = Release|Any CPU
		{98EC7670-7822-4D24-B165-48295397DCB6}.Release|x86.ActiveCfg = Release|Any CPU
		{98EC7670-7822-4D24-B165-48295397DCB6}.Release|x86.Build.0 = Release|Any CPU
		{F764CE21-B11E-49E7-91AC-FAD8E01221C6}.Debug|Any CPU.ActiveCfg = Debug|Any CPU
		{F764CE21-B11E-49E7-91AC-FAD8E01221C6}.Debug|Any CPU.Build.0 = Debug|Any CPU
		{F764CE21-B11E-49E7-91AC-FAD8E01221C6}.Debug|x64.ActiveCfg = Debug|Any CPU
		{F764CE21-B11E-49E7-91AC-FAD8E01221C6}.Debug|x64.Build.0 = Debug|Any CPU
		{F764CE21-B11E-49E7-91AC-FAD8E01221C6}.Debug|x86.ActiveCfg = Debug|Any CPU
		{F764CE21-B11E-49E7-91AC-FAD8E01221C6}.Debug|x86.Build.0 = Debug|Any CPU
		{F764CE21-B11E-49E7-91AC-FAD8E01221C6}.Release|Any CPU.ActiveCfg = Release|Any CPU
		{F764CE21-B11E-49E7-91AC-FAD8E01221C6}.Release|Any CPU.Build.0 = Release|Any CPU
		{F764CE21-B11E-49E7-91AC-FAD8E01221C6}.Release|x64.ActiveCfg = Release|Any CPU
		{F764CE21-B11E-49E7-91AC-FAD8E01221C6}.Release|x64.Build.0 = Release|Any CPU
		{F764CE21-B11E-49E7-91AC-FAD8E01221C6}.Release|x86.ActiveCfg = Release|Any CPU
		{F764CE21-B11E-49E7-91AC-FAD8E01221C6}.Release|x86.Build.0 = Release|Any CPU
		{88EA6FD5-A34E-4094-B6C8-B69713D71E18}.Debug|Any CPU.ActiveCfg = Debug|Any CPU
		{88EA6FD5-A34E-4094-B6C8-B69713D71E18}.Debug|Any CPU.Build.0 = Debug|Any CPU
		{88EA6FD5-A34E-4094-B6C8-B69713D71E18}.Debug|x64.ActiveCfg = Debug|Any CPU
		{88EA6FD5-A34E-4094-B6C8-B69713D71E18}.Debug|x64.Build.0 = Debug|Any CPU
		{88EA6FD5-A34E-4094-B6C8-B69713D71E18}.Debug|x86.ActiveCfg = Debug|Any CPU
		{88EA6FD5-A34E-4094-B6C8-B69713D71E18}.Debug|x86.Build.0 = Debug|Any CPU
		{88EA6FD5-A34E-4094-B6C8-B69713D71E18}.Release|Any CPU.ActiveCfg = Release|Any CPU
		{88EA6FD5-A34E-4094-B6C8-B69713D71E18}.Release|Any CPU.Build.0 = Release|Any CPU
		{88EA6FD5-A34E-4094-B6C8-B69713D71E18}.Release|x64.ActiveCfg = Release|Any CPU
		{88EA6FD5-A34E-4094-B6C8-B69713D71E18}.Release|x64.Build.0 = Release|Any CPU
		{88EA6FD5-A34E-4094-B6C8-B69713D71E18}.Release|x86.ActiveCfg = Release|Any CPU
		{88EA6FD5-A34E-4094-B6C8-B69713D71E18}.Release|x86.Build.0 = Release|Any CPU
		{0F610CB8-9B99-4EA8-86DD-D9D2EC67D340}.Debug|Any CPU.ActiveCfg = Debug|Any CPU
		{0F610CB8-9B99-4EA8-86DD-D9D2EC67D340}.Debug|Any CPU.Build.0 = Debug|Any CPU
		{0F610CB8-9B99-4EA8-86DD-D9D2EC67D340}.Debug|x64.ActiveCfg = Debug|Any CPU
		{0F610CB8-9B99-4EA8-86DD-D9D2EC67D340}.Debug|x64.Build.0 = Debug|Any CPU
		{0F610CB8-9B99-4EA8-86DD-D9D2EC67D340}.Debug|x86.ActiveCfg = Debug|Any CPU
		{0F610CB8-9B99-4EA8-86DD-D9D2EC67D340}.Debug|x86.Build.0 = Debug|Any CPU
		{0F610CB8-9B99-4EA8-86DD-D9D2EC67D340}.Release|Any CPU.ActiveCfg = Release|Any CPU
		{0F610CB8-9B99-4EA8-86DD-D9D2EC67D340}.Release|Any CPU.Build.0 = Release|Any CPU
		{0F610CB8-9B99-4EA8-86DD-D9D2EC67D340}.Release|x64.ActiveCfg = Release|Any CPU
		{0F610CB8-9B99-4EA8-86DD-D9D2EC67D340}.Release|x64.Build.0 = Release|Any CPU
		{0F610CB8-9B99-4EA8-86DD-D9D2EC67D340}.Release|x86.ActiveCfg = Release|Any CPU
		{0F610CB8-9B99-4EA8-86DD-D9D2EC67D340}.Release|x86.Build.0 = Release|Any CPU
		{DE919BBF-453C-4DBA-B199-364E5AC556AB}.Debug|Any CPU.ActiveCfg = Debug|Any CPU
		{DE919BBF-453C-4DBA-B199-364E5AC556AB}.Debug|Any CPU.Build.0 = Debug|Any CPU
		{DE919BBF-453C-4DBA-B199-364E5AC556AB}.Debug|x64.ActiveCfg = Debug|Any CPU
		{DE919BBF-453C-4DBA-B199-364E5AC556AB}.Debug|x64.Build.0 = Debug|Any CPU
		{DE919BBF-453C-4DBA-B199-364E5AC556AB}.Debug|x86.ActiveCfg = Debug|Any CPU
		{DE919BBF-453C-4DBA-B199-364E5AC556AB}.Debug|x86.Build.0 = Debug|Any CPU
		{DE919BBF-453C-4DBA-B199-364E5AC556AB}.Release|Any CPU.ActiveCfg = Release|Any CPU
		{DE919BBF-453C-4DBA-B199-364E5AC556AB}.Release|Any CPU.Build.0 = Release|Any CPU
		{DE919BBF-453C-4DBA-B199-364E5AC556AB}.Release|x64.ActiveCfg = Release|Any CPU
		{DE919BBF-453C-4DBA-B199-364E5AC556AB}.Release|x64.Build.0 = Release|Any CPU
		{DE919BBF-453C-4DBA-B199-364E5AC556AB}.Release|x86.ActiveCfg = Release|Any CPU
		{DE919BBF-453C-4DBA-B199-364E5AC556AB}.Release|x86.Build.0 = Release|Any CPU
		{1CC87AF0-E824-4762-B3F8-9CFA9D4B4567}.Debug|Any CPU.ActiveCfg = Debug|Any CPU
		{1CC87AF0-E824-4762-B3F8-9CFA9D4B4567}.Debug|Any CPU.Build.0 = Debug|Any CPU
		{1CC87AF0-E824-4762-B3F8-9CFA9D4B4567}.Debug|x64.ActiveCfg = Debug|Any CPU
		{1CC87AF0-E824-4762-B3F8-9CFA9D4B4567}.Debug|x64.Build.0 = Debug|Any CPU
		{1CC87AF0-E824-4762-B3F8-9CFA9D4B4567}.Debug|x86.ActiveCfg = Debug|Any CPU
		{1CC87AF0-E824-4762-B3F8-9CFA9D4B4567}.Debug|x86.Build.0 = Debug|Any CPU
		{1CC87AF0-E824-4762-B3F8-9CFA9D4B4567}.Release|Any CPU.ActiveCfg = Release|Any CPU
		{1CC87AF0-E824-4762-B3F8-9CFA9D4B4567}.Release|Any CPU.Build.0 = Release|Any CPU
		{1CC87AF0-E824-4762-B3F8-9CFA9D4B4567}.Release|x64.ActiveCfg = Release|Any CPU
		{1CC87AF0-E824-4762-B3F8-9CFA9D4B4567}.Release|x64.Build.0 = Release|Any CPU
		{1CC87AF0-E824-4762-B3F8-9CFA9D4B4567}.Release|x86.ActiveCfg = Release|Any CPU
		{1CC87AF0-E824-4762-B3F8-9CFA9D4B4567}.Release|x86.Build.0 = Release|Any CPU
		{56E1B946-15EE-4D46-A9A7-35ACAE0D9B93}.Debug|Any CPU.ActiveCfg = Debug|Any CPU
		{56E1B946-15EE-4D46-A9A7-35ACAE0D9B93}.Debug|Any CPU.Build.0 = Debug|Any CPU
		{56E1B946-15EE-4D46-A9A7-35ACAE0D9B93}.Debug|x64.ActiveCfg = Debug|Any CPU
		{56E1B946-15EE-4D46-A9A7-35ACAE0D9B93}.Debug|x64.Build.0 = Debug|Any CPU
		{56E1B946-15EE-4D46-A9A7-35ACAE0D9B93}.Debug|x86.ActiveCfg = Debug|Any CPU
		{56E1B946-15EE-4D46-A9A7-35ACAE0D9B93}.Debug|x86.Build.0 = Debug|Any CPU
		{56E1B946-15EE-4D46-A9A7-35ACAE0D9B93}.Release|Any CPU.ActiveCfg = Release|Any CPU
		{56E1B946-15EE-4D46-A9A7-35ACAE0D9B93}.Release|Any CPU.Build.0 = Release|Any CPU
		{56E1B946-15EE-4D46-A9A7-35ACAE0D9B93}.Release|x64.ActiveCfg = Release|Any CPU
		{56E1B946-15EE-4D46-A9A7-35ACAE0D9B93}.Release|x64.Build.0 = Release|Any CPU
		{56E1B946-15EE-4D46-A9A7-35ACAE0D9B93}.Release|x86.ActiveCfg = Release|Any CPU
		{56E1B946-15EE-4D46-A9A7-35ACAE0D9B93}.Release|x86.Build.0 = Release|Any CPU
		{250EC655-BF33-4012-90E9-423D0C4C9778}.Debug|Any CPU.ActiveCfg = Debug|Any CPU
		{250EC655-BF33-4012-90E9-423D0C4C9778}.Debug|Any CPU.Build.0 = Debug|Any CPU
		{250EC655-BF33-4012-90E9-423D0C4C9778}.Debug|x64.ActiveCfg = Debug|Any CPU
		{250EC655-BF33-4012-90E9-423D0C4C9778}.Debug|x64.Build.0 = Debug|Any CPU
		{250EC655-BF33-4012-90E9-423D0C4C9778}.Debug|x86.ActiveCfg = Debug|Any CPU
		{250EC655-BF33-4012-90E9-423D0C4C9778}.Debug|x86.Build.0 = Debug|Any CPU
		{250EC655-BF33-4012-90E9-423D0C4C9778}.Release|Any CPU.ActiveCfg = Release|Any CPU
		{250EC655-BF33-4012-90E9-423D0C4C9778}.Release|Any CPU.Build.0 = Release|Any CPU
		{250EC655-BF33-4012-90E9-423D0C4C9778}.Release|x64.ActiveCfg = Release|Any CPU
		{250EC655-BF33-4012-90E9-423D0C4C9778}.Release|x64.Build.0 = Release|Any CPU
		{250EC655-BF33-4012-90E9-423D0C4C9778}.Release|x86.ActiveCfg = Release|Any CPU
		{250EC655-BF33-4012-90E9-423D0C4C9778}.Release|x86.Build.0 = Release|Any CPU
		{03182F77-B771-4C9D-9327-47BB6666CE43}.Debug|Any CPU.ActiveCfg = Debug|Any CPU
		{03182F77-B771-4C9D-9327-47BB6666CE43}.Debug|Any CPU.Build.0 = Debug|Any CPU
		{03182F77-B771-4C9D-9327-47BB6666CE43}.Debug|x64.ActiveCfg = Debug|Any CPU
		{03182F77-B771-4C9D-9327-47BB6666CE43}.Debug|x64.Build.0 = Debug|Any CPU
		{03182F77-B771-4C9D-9327-47BB6666CE43}.Debug|x86.ActiveCfg = Debug|Any CPU
		{03182F77-B771-4C9D-9327-47BB6666CE43}.Debug|x86.Build.0 = Debug|Any CPU
		{03182F77-B771-4C9D-9327-47BB6666CE43}.Release|Any CPU.ActiveCfg = Release|Any CPU
		{03182F77-B771-4C9D-9327-47BB6666CE43}.Release|Any CPU.Build.0 = Release|Any CPU
		{03182F77-B771-4C9D-9327-47BB6666CE43}.Release|x64.ActiveCfg = Release|Any CPU
		{03182F77-B771-4C9D-9327-47BB6666CE43}.Release|x64.Build.0 = Release|Any CPU
		{03182F77-B771-4C9D-9327-47BB6666CE43}.Release|x86.ActiveCfg = Release|Any CPU
		{03182F77-B771-4C9D-9327-47BB6666CE43}.Release|x86.Build.0 = Release|Any CPU
	EndGlobalSection
	GlobalSection(SolutionProperties) = preSolution
		HideSolutionNode = FALSE
	EndGlobalSection
	GlobalSection(NestedProjects) = preSolution
		{F240CB05-815F-403C-9675-5CE8D8C4E453} = {748745C8-73FC-4AAC-BA17-45F26C78988F}
		{D617BFB1-752C-47FF-BA32-5E59E143BCBF} = {748745C8-73FC-4AAC-BA17-45F26C78988F}
		{06A09038-B5BC-4F2F-83F6-FAF7327BA2A2} = {748745C8-73FC-4AAC-BA17-45F26C78988F}
		{CAC180D0-F60C-4DE5-8227-C2496D746F49} = {748745C8-73FC-4AAC-BA17-45F26C78988F}
		{6D281360-FE67-41D2-AE81-332CA1E415CE} = {748745C8-73FC-4AAC-BA17-45F26C78988F}
		{806216F3-A0EA-4A1D-8D46-21CB73979E1B} = {748745C8-73FC-4AAC-BA17-45F26C78988F}
		{DA70415D-E939-412B-9991-3AB3528BE5CF} = {748745C8-73FC-4AAC-BA17-45F26C78988F}
		{32A5DBCC-F9D2-42F8-8771-2A4E21EB79F0} = {748745C8-73FC-4AAC-BA17-45F26C78988F}
		{B91EE4A9-BDCD-4B05-A053-BF8D0EB0EC32} = {748745C8-73FC-4AAC-BA17-45F26C78988F}
		{97AE4641-7185-4947-87AE-3782AB315859} = {748745C8-73FC-4AAC-BA17-45F26C78988F}
		{AF389604-9A88-4BCC-9753-BCB2F51322D1} = {748745C8-73FC-4AAC-BA17-45F26C78988F}
		{CEE13368-90CE-4E3A-82E6-EF142BF8E3C2} = {748745C8-73FC-4AAC-BA17-45F26C78988F}
		{8809C3D8-1062-41CE-A8D1-AEAD0A3AB7C7} = {748745C8-73FC-4AAC-BA17-45F26C78988F}
		{6772F7F7-3C07-4644-8C99-4E1BBD4D64FC} = {748745C8-73FC-4AAC-BA17-45F26C78988F}
		{98EC7670-7822-4D24-B165-48295397DCB6} = {748745C8-73FC-4AAC-BA17-45F26C78988F}
		{88EA6FD5-A34E-4094-B6C8-B69713D71E18} = {748745C8-73FC-4AAC-BA17-45F26C78988F}
		{DE919BBF-453C-4DBA-B199-364E5AC556AB} = {748745C8-73FC-4AAC-BA17-45F26C78988F}
		{56E1B946-15EE-4D46-A9A7-35ACAE0D9B93} = {748745C8-73FC-4AAC-BA17-45F26C78988F}
		{03182F77-B771-4C9D-9327-47BB6666CE43} = {748745C8-73FC-4AAC-BA17-45F26C78988F}
	EndGlobalSection
EndGlobal
