
Microsoft Visual Studio Solution File, Format Version 12.00
# Visual Studio Version 17
VisualStudioVersion = 17.0.31903.59
MinimumVisualStudioVersion = 10.0.40219.1
Project("{2150E333-8FDC-42A3-9474-1A3956D46DE8}") = "Tests", "Tests", "{748745C8-73FC-4AAC-BA17-45F26C78988F}"
EndProject
Project("{FAE04EC0-301F-11D3-BF4B-00C04F79EFBC}") = "vos.ManagedMicroservice.Tributary.Tests", "Tests\vos.ManagedMicroservice.Tributary.Tests\vos.ManagedMicroservice.Tributary.Tests.csproj", "{F240CB05-815F-403C-9675-5CE8D8C4E453}"
EndProject
Project("{FAE04EC0-301F-11D3-BF4B-00C04F79EFBC}") = "vos.ManagedMicroservice.Delta.Tests", "Tests\vos.ManagedMicroservice.Delta.Tests\vos.ManagedMicroservice.Delta.Tests.csproj", "{D617BFB1-752C-47FF-BA32-5E59E143BCBF}"
EndProject
Project("{FAE04EC0-301F-11D3-BF4B-00C04F79EFBC}") = "vos.Application", "vos.Application\vos.Application.csproj", "{83F6E181-FEBA-4A4E-AF3C-DBB2C151BB9A}"
EndProject
Project("{FAE04EC0-301F-11D3-BF4B-00C04F79EFBC}") = "vos.Auth.Shared", "vos.Auth.Shared\vos.Auth.Shared.csproj", "{A1AC1C9F-596B-43A8-B5AF-0C95266C3668}"
EndProject
Project("{FAE04EC0-301F-11D3-BF4B-00C04F79EFBC}") = "vos.Taproot.Tests", "vos.Taproot.Tests\vos.Taproot.Tests.csproj", "{3F6FB066-C4D9-45E2-B4E8-460BA8470050}"
EndProject
Project("{FAE04EC0-301F-11D3-BF4B-00C04F79EFBC}") = "vos.Taproot", "vos.Taproot\vos.Taproot.csproj", "{A965EFA3-B25D-4C60-B0CA-B1CEEF39D1D0}"
EndProject
Project("{FAE04EC0-301F-11D3-BF4B-00C04F79EFBC}") = "vos.Core", "vos.Core\vos.Core.csproj", "{F7D503A7-839F-4AFA-8055-ACFBAA35EA12}"
EndProject
Project("{FAE04EC0-301F-11D3-BF4B-00C04F79EFBC}") = "vos.Infrastructure", "vos.Infrastructure\vos.Infrastructure.csproj", "{30309EA9-E85F-4111-A844-F1957F8D8056}"
EndProject
Project("{FAE04EC0-301F-11D3-BF4B-00C04F79EFBC}") = "vos.ManagedMicroservice.Echo", "vos.ManagedMicroservice.Echo\vos.ManagedMicroservice.Echo.csproj", "{E2D2EFDE-4310-42FD-9F53-F2497958FDB2}"
EndProject
Project("{FAE04EC0-301F-11D3-BF4B-00C04F79EFBC}") = "vos.ManagedMicroservice.Tributary", "vos.ManagedMicroservice.Tributary\vos.ManagedMicroservice.Tributary.csproj", "{0E12CE73-0C74-45ED-B992-0DAA73C20F9B}"
EndProject
Project("{FAE04EC0-301F-11D3-BF4B-00C04F79EFBC}") = "vos.ManagedMicroservice.Delta", "vos.ManagedMicroservice.Delta\vos.ManagedMicroservice.Delta.csproj", "{7815A567-304B-4F06-80D6-6D4CBE28C597}"
EndProject
Project("{FAE04EC0-301F-11D3-BF4B-00C04F79EFBC}") = "vos.ManagedMicroservice.Shared", "vos.ManagedMicroservice.Shared\vos.ManagedMicroservice.Shared.csproj", "{65ED47C1-2B5D-47CB-8755-2B011BA36680}"
EndProject
Project("{FAE04EC0-301F-11D3-BF4B-00C04F79EFBC}") = "vos.ManagedMicroservice.Metabolism", "vos.ManagedMicroservice.Metabolism\vos.ManagedMicroservice.Metabolism.csproj", "{451779A4-AFA8-48E2-9343-3009919331ED}"
EndProject
Project("{FAE04EC0-301F-11D3-BF4B-00C04F79EFBC}") = "vos.ManagedMicroservice.Metabolism.Tests", "Tests\vos.ManagedMicroservice.Metabolism.Tests\vos.ManagedMicroservice.Metabolism.Tests.csproj", "{06A09038-B5BC-4F2F-83F6-FAF7327BA2A2}"
EndProject
Project("{FAE04EC0-301F-11D3-BF4B-00C04F79EFBC}") = "vos.Tests.Shared", "Tests\vos.Tests.Shared\vos.Tests.Shared.csproj", "{CAC180D0-F60C-4DE5-8227-C2496D746F49}"
EndProject
Project("{FAE04EC0-301F-11D3-BF4B-00C04F79EFBC}") = "vos.Auth.Shared.Tests", "Tests\vos.Auth.Shared.Tests\vos.Auth.Shared.Tests.csproj", "{6D281360-FE67-41D2-AE81-332CA1E415CE}"
EndProject
Project("{FAE04EC0-301F-11D3-BF4B-00C04F79EFBC}") = "vos.ManagedMicroservice.Shared.Tests", "Tests\vos.ManagedMicroservice.Shared.Tests\vos.ManagedMicroservice.Shared.Tests.csproj", "{806216F3-A0EA-4A1D-8D46-21CB73979E1B}"
EndProject
Project("{FAE04EC0-301F-11D3-BF4B-00C04F79EFBC}") = "vos.Core.Tests", "Tests\vos.Core.Tests\vos.Core.Tests.csproj", "{B3AFA87C-E191-4961-AB0F-807295CD1336}"
EndProject
Project("{FAE04EC0-301F-11D3-BF4B-00C04F79EFBC}") = "vos.Application.Tests", "Tests\vos.Application.Tests\vos.Application.Tests.csproj", "{B90AFDC3-14DD-4C96-BB5E-38BA0C301493}"
EndProject
Project("{FAE04EC0-301F-11D3-BF4B-00C04F79EFBC}") = "vos.Infrastructure.Tests", "Tests\vos.Infrastructure.Tests\vos.Infrastructure.Tests.csproj", "{48676A72-52D0-42D1-8256-6532FE567BBB}"
EndProject
Project("{FAE04EC0-301F-11D3-BF4B-00C04F79EFBC}") = "vos.ManagedMicroservice.Echo.Tests", "Tests\vos.ManagedMicroservice.Echo.Tests\vos.ManagedMicroservice.Echo.Tests.csproj", "{DA70415D-E939-412B-9991-3AB3528BE5CF}"
EndProject
Project("{FAE04EC0-301F-11D3-BF4B-00C04F79EFBC}") = "vos.ManagedMicroservice.Shared.Contracts.Tests", "Tests\vos.ManagedMicroservice.Shared.Contracts.Tests\vos.ManagedMicroservice.Shared.Contracts.Tests.csproj", "{32A5DBCC-F9D2-42F8-8771-2A4E21EB79F0}"
EndProject
Global
	GlobalSection(SolutionConfigurationPlatforms) = preSolution
		Debug|Any CPU = Debug|Any CPU
		Debug|x64 = Debug|x64
		Debug|x86 = Debug|x86
		Release|Any CPU = Release|Any CPU
		Release|x64 = Release|x64
		Release|x86 = Release|x86
	EndGlobalSection
	GlobalSection(ProjectConfigurationPlatforms) = postSolution
		{F240CB05-815F-403C-9675-5CE8D8C4E453}.Debug|Any CPU.ActiveCfg = Debug|Any CPU
		{F240CB05-815F-403C-9675-5CE8D8C4E453}.Debug|Any CPU.Build.0 = Debug|Any CPU
		{F240CB05-815F-403C-9675-5CE8D8C4E453}.Debug|x64.ActiveCfg = Debug|Any CPU
		{F240CB05-815F-403C-9675-5CE8D8C4E453}.Debug|x64.Build.0 = Debug|Any CPU
		{F240CB05-815F-403C-9675-5CE8D8C4E453}.Debug|x86.ActiveCfg = Debug|Any CPU
		{F240CB05-815F-403C-9675-5CE8D8C4E453}.Debug|x86.Build.0 = Debug|Any CPU
		{F240CB05-815F-403C-9675-5CE8D8C4E453}.Release|Any CPU.ActiveCfg = Release|Any CPU
		{F240CB05-815F-403C-9675-5CE8D8C4E453}.Release|Any CPU.Build.0 = Release|Any CPU
		{F240CB05-815F-403C-9675-5CE8D8C4E453}.Release|x64.ActiveCfg = Release|Any CPU
		{F240CB05-815F-403C-9675-5CE8D8C4E453}.Release|x64.Build.0 = Release|Any CPU
		{F240CB05-815F-403C-9675-5CE8D8C4E453}.Release|x86.ActiveCfg = Release|Any CPU
		{F240CB05-815F-403C-9675-5CE8D8C4E453}.Release|x86.Build.0 = Release|Any CPU
		{D617BFB1-752C-47FF-BA32-5E59E143BCBF}.Debug|Any CPU.ActiveCfg = Debug|Any CPU
		{D617BFB1-752C-47FF-BA32-5E59E143BCBF}.Debug|Any CPU.Build.0 = Debug|Any CPU
		{D617BFB1-752C-47FF-BA32-5E59E143BCBF}.Debug|x64.ActiveCfg = Debug|Any CPU
		{D617BFB1-752C-47FF-BA32-5E59E143BCBF}.Debug|x64.Build.0 = Debug|Any CPU
		{D617BFB1-752C-47FF-BA32-5E59E143BCBF}.Debug|x86.ActiveCfg = Debug|Any CPU
		{D617BFB1-752C-47FF-BA32-5E59E143BCBF}.Debug|x86.Build.0 = Debug|Any CPU
		{D617BFB1-752C-47FF-BA32-5E59E143BCBF}.Release|Any CPU.ActiveCfg = Release|Any CPU
		{D617BFB1-752C-47FF-BA32-5E59E143BCBF}.Release|Any CPU.Build.0 = Release|Any CPU
		{D617BFB1-752C-47FF-BA32-5E59E143BCBF}.Release|x64.ActiveCfg = Release|Any CPU
		{D617BFB1-752C-47FF-BA32-5E59E143BCBF}.Release|x64.Build.0 = Release|Any CPU
		{D617BFB1-752C-47FF-BA32-5E59E143BCBF}.Release|x86.ActiveCfg = Release|Any CPU
		{D617BFB1-752C-47FF-BA32-5E59E143BCBF}.Release|x86.Build.0 = Release|Any CPU
		{83F6E181-FEBA-4A4E-AF3C-DBB2C151BB9A}.Debug|Any CPU.ActiveCfg = Debug|Any CPU
		{83F6E181-FEBA-4A4E-AF3C-DBB2C151BB9A}.Debug|Any CPU.Build.0 = Debug|Any CPU
		{83F6E181-FEBA-4A4E-AF3C-DBB2C151BB9A}.Debug|x64.ActiveCfg = Debug|Any CPU
		{83F6E181-FEBA-4A4E-AF3C-DBB2C151BB9A}.Debug|x64.Build.0 = Debug|Any CPU
		{83F6E181-FEBA-4A4E-AF3C-DBB2C151BB9A}.Debug|x86.ActiveCfg = Debug|Any CPU
		{83F6E181-FEBA-4A4E-AF3C-DBB2C151BB9A}.Debug|x86.Build.0 = Debug|Any CPU
		{83F6E181-FEBA-4A4E-AF3C-DBB2C151BB9A}.Release|Any CPU.ActiveCfg = Release|Any CPU
		{83F6E181-FEBA-4A4E-AF3C-DBB2C151BB9A}.Release|Any CPU.Build.0 = Release|Any CPU
		{83F6E181-FEBA-4A4E-AF3C-DBB2C151BB9A}.Release|x64.ActiveCfg = Release|Any CPU
		{83F6E181-FEBA-4A4E-AF3C-DBB2C151BB9A}.Release|x64.Build.0 = Release|Any CPU
		{83F6E181-FEBA-4A4E-AF3C-DBB2C151BB9A}.Release|x86.ActiveCfg = Release|Any CPU
		{83F6E181-FEBA-4A4E-AF3C-DBB2C151BB9A}.Release|x86.Build.0 = Release|Any CPU
		{A1AC1C9F-596B-43A8-B5AF-0C95266C3668}.Debug|Any CPU.ActiveCfg = Debug|Any CPU
		{A1AC1C9F-596B-43A8-B5AF-0C95266C3668}.Debug|Any CPU.Build.0 = Debug|Any CPU
		{A1AC1C9F-596B-43A8-B5AF-0C95266C3668}.Debug|x64.ActiveCfg = Debug|Any CPU
		{A1AC1C9F-596B-43A8-B5AF-0C95266C3668}.Debug|x64.Build.0 = Debug|Any CPU
		{A1AC1C9F-596B-43A8-B5AF-0C95266C3668}.Debug|x86.ActiveCfg = Debug|Any CPU
		{A1AC1C9F-596B-43A8-B5AF-0C95266C3668}.Debug|x86.Build.0 = Debug|Any CPU
		{A1AC1C9F-596B-43A8-B5AF-0C95266C3668}.Release|Any CPU.ActiveCfg = Release|Any CPU
		{A1AC1C9F-596B-43A8-B5AF-0C95266C3668}.Release|Any CPU.Build.0 = Release|Any CPU
		{A1AC1C9F-596B-43A8-B5AF-0C95266C3668}.Release|x64.ActiveCfg = Release|Any CPU
		{A1AC1C9F-596B-43A8-B5AF-0C95266C3668}.Release|x64.Build.0 = Release|Any CPU
		{A1AC1C9F-596B-43A8-B5AF-0C95266C3668}.Release|x86.ActiveCfg = Release|Any CPU
		{A1AC1C9F-596B-43A8-B5AF-0C95266C3668}.Release|x86.Build.0 = Release|Any CPU
		{3F6FB066-C4D9-45E2-B4E8-460BA8470050}.Debug|Any CPU.ActiveCfg = Debug|Any CPU
		{3F6FB066-C4D9-45E2-B4E8-460BA8470050}.Debug|Any CPU.Build.0 = Debug|Any CPU
		{3F6FB066-C4D9-45E2-B4E8-460BA8470050}.Debug|x64.ActiveCfg = Debug|Any CPU
		{3F6FB066-C4D9-45E2-B4E8-460BA8470050}.Debug|x64.Build.0 = Debug|Any CPU
		{3F6FB066-C4D9-45E2-B4E8-460BA8470050}.Debug|x86.ActiveCfg = Debug|Any CPU
		{3F6FB066-C4D9-45E2-B4E8-460BA8470050}.Debug|x86.Build.0 = Debug|Any CPU
		{3F6FB066-C4D9-45E2-B4E8-460BA8470050}.Release|Any CPU.ActiveCfg = Release|Any CPU
		{3F6FB066-C4D9-45E2-B4E8-460BA8470050}.Release|Any CPU.Build.0 = Release|Any CPU
		{3F6FB066-C4D9-45E2-B4E8-460BA8470050}.Release|x64.ActiveCfg = Release|Any CPU
		{3F6FB066-C4D9-45E2-B4E8-460BA8470050}.Release|x64.Build.0 = Release|Any CPU
		{3F6FB066-C4D9-45E2-B4E8-460BA8470050}.Release|x86.ActiveCfg = Release|Any CPU
		{3F6FB066-C4D9-45E2-B4E8-460BA8470050}.Release|x86.Build.0 = Release|Any CPU
		{A965EFA3-B25D-4C60-B0CA-B1CEEF39D1D0}.Debug|Any CPU.ActiveCfg = Debug|Any CPU
		{A965EFA3-B25D-4C60-B0CA-B1CEEF39D1D0}.Debug|Any CPU.Build.0 = Debug|Any CPU
		{A965EFA3-B25D-4C60-B0CA-B1CEEF39D1D0}.Debug|x64.ActiveCfg = Debug|Any CPU
		{A965EFA3-B25D-4C60-B0CA-B1CEEF39D1D0}.Debug|x64.Build.0 = Debug|Any CPU
		{A965EFA3-B25D-4C60-B0CA-B1CEEF39D1D0}.Debug|x86.ActiveCfg = Debug|Any CPU
		{A965EFA3-B25D-4C60-B0CA-B1CEEF39D1D0}.Debug|x86.Build.0 = Debug|Any CPU
		{A965EFA3-B25D-4C60-B0CA-B1CEEF39D1D0}.Release|Any CPU.ActiveCfg = Release|Any CPU
		{A965EFA3-B25D-4C60-B0CA-B1CEEF39D1D0}.Release|Any CPU.Build.0 = Release|Any CPU
		{A965EFA3-B25D-4C60-B0CA-B1CEEF39D1D0}.Release|x64.ActiveCfg = Release|Any CPU
		{A965EFA3-B25D-4C60-B0CA-B1CEEF39D1D0}.Release|x64.Build.0 = Release|Any CPU
		{A965EFA3-B25D-4C60-B0CA-B1CEEF39D1D0}.Release|x86.ActiveCfg = Release|Any CPU
		{A965EFA3-B25D-4C60-B0CA-B1CEEF39D1D0}.Release|x86.Build.0 = Release|Any CPU
		{F7D503A7-839F-4AFA-8055-ACFBAA35EA12}.Debug|Any CPU.ActiveCfg = Debug|Any CPU
		{F7D503A7-839F-4AFA-8055-ACFBAA35EA12}.Debug|Any CPU.Build.0 = Debug|Any CPU
		{F7D503A7-839F-4AFA-8055-ACFBAA35EA12}.Debug|x64.ActiveCfg = Debug|Any CPU
		{F7D503A7-839F-4AFA-8055-ACFBAA35EA12}.Debug|x64.Build.0 = Debug|Any CPU
		{F7D503A7-839F-4AFA-8055-ACFBAA35EA12}.Debug|x86.ActiveCfg = Debug|Any CPU
		{F7D503A7-839F-4AFA-8055-ACFBAA35EA12}.Debug|x86.Build.0 = Debug|Any CPU
		{F7D503A7-839F-4AFA-8055-ACFBAA35EA12}.Release|Any CPU.ActiveCfg = Release|Any CPU
		{F7D503A7-839F-4AFA-8055-ACFBAA35EA12}.Release|Any CPU.Build.0 = Release|Any CPU
		{F7D503A7-839F-4AFA-8055-ACFBAA35EA12}.Release|x64.ActiveCfg = Release|Any CPU
		{F7D503A7-839F-4AFA-8055-ACFBAA35EA12}.Release|x64.Build.0 = Release|Any CPU
		{F7D503A7-839F-4AFA-8055-ACFBAA35EA12}.Release|x86.ActiveCfg = Release|Any CPU
		{F7D503A7-839F-4AFA-8055-ACFBAA35EA12}.Release|x86.Build.0 = Release|Any CPU
		{30309EA9-E85F-4111-A844-F1957F8D8056}.Debug|Any CPU.ActiveCfg = Debug|Any CPU
		{30309EA9-E85F-4111-A844-F1957F8D8056}.Debug|Any CPU.Build.0 = Debug|Any CPU
		{30309EA9-E85F-4111-A844-F1957F8D8056}.Debug|x64.ActiveCfg = Debug|Any CPU
		{30309EA9-E85F-4111-A844-F1957F8D8056}.Debug|x64.Build.0 = Debug|Any CPU
		{30309EA9-E85F-4111-A844-F1957F8D8056}.Debug|x86.ActiveCfg = Debug|Any CPU
		{30309EA9-E85F-4111-A844-F1957F8D8056}.Debug|x86.Build.0 = Debug|Any CPU
		{30309EA9-E85F-4111-A844-F1957F8D8056}.Release|Any CPU.ActiveCfg = Release|Any CPU
		{30309EA9-E85F-4111-A844-F1957F8D8056}.Release|Any CPU.Build.0 = Release|Any CPU
		{30309EA9-E85F-4111-A844-F1957F8D8056}.Release|x64.ActiveCfg = Release|Any CPU
		{30309EA9-E85F-4111-A844-F1957F8D8056}.Release|x64.Build.0 = Release|Any CPU
		{30309EA9-E85F-4111-A844-F1957F8D8056}.Release|x86.ActiveCfg = Release|Any CPU
		{30309EA9-E85F-4111-A844-F1957F8D8056}.Release|x86.Build.0 = Release|Any CPU
		{E2D2EFDE-4310-42FD-9F53-F2497958FDB2}.Debug|Any CPU.ActiveCfg = Debug|Any CPU
		{E2D2EFDE-4310-42FD-9F53-F2497958FDB2}.Debug|Any CPU.Build.0 = Debug|Any CPU
		{E2D2EFDE-4310-42FD-9F53-F2497958FDB2}.Debug|x64.ActiveCfg = Debug|Any CPU
		{E2D2EFDE-4310-42FD-9F53-F2497958FDB2}.Debug|x64.Build.0 = Debug|Any CPU
		{E2D2EFDE-4310-42FD-9F53-F2497958FDB2}.Debug|x86.ActiveCfg = Debug|Any CPU
		{E2D2EFDE-4310-42FD-9F53-F2497958FDB2}.Debug|x86.Build.0 = Debug|Any CPU
		{E2D2EFDE-4310-42FD-9F53-F2497958FDB2}.Release|Any CPU.ActiveCfg = Release|Any CPU
		{E2D2EFDE-4310-42FD-9F53-F2497958FDB2}.Release|Any CPU.Build.0 = Release|Any CPU
		{E2D2EFDE-4310-42FD-9F53-F2497958FDB2}.Release|x64.ActiveCfg = Release|Any CPU
		{E2D2EFDE-4310-42FD-9F53-F2497958FDB2}.Release|x64.Build.0 = Release|Any CPU
		{E2D2EFDE-4310-42FD-9F53-F2497958FDB2}.Release|x86.ActiveCfg = Release|Any CPU
		{E2D2EFDE-4310-42FD-9F53-F2497958FDB2}.Release|x86.Build.0 = Release|Any CPU
		{0E12CE73-0C74-45ED-B992-0DAA73C20F9B}.Debug|Any CPU.ActiveCfg = Debug|Any CPU
		{0E12CE73-0C74-45ED-B992-0DAA73C20F9B}.Debug|Any CPU.Build.0 = Debug|Any CPU
		{0E12CE73-0C74-45ED-B992-0DAA73C20F9B}.Debug|x64.ActiveCfg = Debug|Any CPU
		{0E12CE73-0C74-45ED-B992-0DAA73C20F9B}.Debug|x64.Build.0 = Debug|Any CPU
		{0E12CE73-0C74-45ED-B992-0DAA73C20F9B}.Debug|x86.ActiveCfg = Debug|Any CPU
		{0E12CE73-0C74-45ED-B992-0DAA73C20F9B}.Debug|x86.Build.0 = Debug|Any CPU
		{0E12CE73-0C74-45ED-B992-0DAA73C20F9B}.Release|Any CPU.ActiveCfg = Release|Any CPU
		{0E12CE73-0C74-45ED-B992-0DAA73C20F9B}.Release|Any CPU.Build.0 = Release|Any CPU
		{0E12CE73-0C74-45ED-B992-0DAA73C20F9B}.Release|x64.ActiveCfg = Release|Any CPU
		{0E12CE73-0C74-45ED-B992-0DAA73C20F9B}.Release|x64.Build.0 = Release|Any CPU
		{0E12CE73-0C74-45ED-B992-0DAA73C20F9B}.Release|x86.ActiveCfg = Release|Any CPU
		{0E12CE73-0C74-45ED-B992-0DAA73C20F9B}.Release|x86.Build.0 = Release|Any CPU
		{7815A567-304B-4F06-80D6-6D4CBE28C597}.Debug|Any CPU.ActiveCfg = Debug|Any CPU
		{7815A567-304B-4F06-80D6-6D4CBE28C597}.Debug|Any CPU.Build.0 = Debug|Any CPU
		{7815A567-304B-4F06-80D6-6D4CBE28C597}.Debug|x64.ActiveCfg = Debug|Any CPU
		{7815A567-304B-4F06-80D6-6D4CBE28C597}.Debug|x64.Build.0 = Debug|Any CPU
		{7815A567-304B-4F06-80D6-6D4CBE28C597}.Debug|x86.ActiveCfg = Debug|Any CPU
		{7815A567-304B-4F06-80D6-6D4CBE28C597}.Debug|x86.Build.0 = Debug|Any CPU
		{7815A567-304B-4F06-80D6-6D4CBE28C597}.Release|Any CPU.ActiveCfg = Release|Any CPU
		{7815A567-304B-4F06-80D6-6D4CBE28C597}.Release|Any CPU.Build.0 = Release|Any CPU
		{7815A567-304B-4F06-80D6-6D4CBE28C597}.Release|x64.ActiveCfg = Release|Any CPU
		{7815A567-304B-4F06-80D6-6D4CBE28C597}.Release|x64.Build.0 = Release|Any CPU
		{7815A567-304B-4F06-80D6-6D4CBE28C597}.Release|x86.ActiveCfg = Release|Any CPU
		{7815A567-304B-4F06-80D6-6D4CBE28C597}.Release|x86.Build.0 = Release|Any CPU
		{65ED47C1-2B5D-47CB-8755-2B011BA36680}.Debug|Any CPU.ActiveCfg = Debug|Any CPU
		{65ED47C1-2B5D-47CB-8755-2B011BA36680}.Debug|Any CPU.Build.0 = Debug|Any CPU
		{65ED47C1-2B5D-47CB-8755-2B011BA36680}.Debug|x64.ActiveCfg = Debug|Any CPU
		{65ED47C1-2B5D-47CB-8755-2B011BA36680}.Debug|x64.Build.0 = Debug|Any CPU
		{65ED47C1-2B5D-47CB-8755-2B011BA36680}.Debug|x86.ActiveCfg = Debug|Any CPU
		{65ED47C1-2B5D-47CB-8755-2B011BA36680}.Debug|x86.Build.0 = Debug|Any CPU
		{65ED47C1-2B5D-47CB-8755-2B011BA36680}.Release|Any CPU.ActiveCfg = Release|Any CPU
		{65ED47C1-2B5D-47CB-8755-2B011BA36680}.Release|Any CPU.Build.0 = Release|Any CPU
		{65ED47C1-2B5D-47CB-8755-2B011BA36680}.Release|x64.ActiveCfg = Release|Any CPU
		{65ED47C1-2B5D-47CB-8755-2B011BA36680}.Release|x64.Build.0 = Release|Any CPU
		{65ED47C1-2B5D-47CB-8755-2B011BA36680}.Release|x86.ActiveCfg = Release|Any CPU
		{65ED47C1-2B5D-47CB-8755-2B011BA36680}.Release|x86.Build.0 = Release|Any CPU
		{451779A4-AFA8-48E2-9343-3009919331ED}.Debug|Any CPU.ActiveCfg = Debug|Any CPU
		{451779A4-AFA8-48E2-9343-3009919331ED}.Debug|Any CPU.Build.0 = Debug|Any CPU
		{451779A4-AFA8-48E2-9343-3009919331ED}.Debug|x64.ActiveCfg = Debug|Any CPU
		{451779A4-AFA8-48E2-9343-3009919331ED}.Debug|x64.Build.0 = Debug|Any CPU
		{451779A4-AFA8-48E2-9343-3009919331ED}.Debug|x86.ActiveCfg = Debug|Any CPU
		{451779A4-AFA8-48E2-9343-3009919331ED}.Debug|x86.Build.0 = Debug|Any CPU
		{451779A4-AFA8-48E2-9343-3009919331ED}.Release|Any CPU.ActiveCfg = Release|Any CPU
		{451779A4-AFA8-48E2-9343-3009919331ED}.Release|Any CPU.Build.0 = Release|Any CPU
		{451779A4-AFA8-48E2-9343-3009919331ED}.Release|x64.ActiveCfg = Release|Any CPU
		{451779A4-AFA8-48E2-9343-3009919331ED}.Release|x64.Build.0 = Release|Any CPU
		{451779A4-AFA8-48E2-9343-3009919331ED}.Release|x86.ActiveCfg = Release|Any CPU
		{451779A4-AFA8-48E2-9343-3009919331ED}.Release|x86.Build.0 = Release|Any CPU
		{06A09038-B5BC-4F2F-83F6-FAF7327BA2A2}.Debug|Any CPU.ActiveCfg = Debug|Any CPU
		{06A09038-B5BC-4F2F-83F6-FAF7327BA2A2}.Debug|Any CPU.Build.0 = Debug|Any CPU
		{06A09038-B5BC-4F2F-83F6-FAF7327BA2A2}.Debug|x64.ActiveCfg = Debug|Any CPU
		{06A09038-B5BC-4F2F-83F6-FAF7327BA2A2}.Debug|x64.Build.0 = Debug|Any CPU
		{06A09038-B5BC-4F2F-83F6-FAF7327BA2A2}.Debug|x86.ActiveCfg = Debug|Any CPU
		{06A09038-B5BC-4F2F-83F6-FAF7327BA2A2}.Debug|x86.Build.0 = Debug|Any CPU
		{06A09038-B5BC-4F2F-83F6-FAF7327BA2A2}.Release|Any CPU.ActiveCfg = Release|Any CPU
		{06A09038-B5BC-4F2F-83F6-FAF7327BA2A2}.Release|Any CPU.Build.0 = Release|Any CPU
		{06A09038-B5BC-4F2F-83F6-FAF7327BA2A2}.Release|x64.ActiveCfg = Release|Any CPU
		{06A09038-B5BC-4F2F-83F6-FAF7327BA2A2}.Release|x64.Build.0 = Release|Any CPU
		{06A09038-B5BC-4F2F-83F6-FAF7327BA2A2}.Release|x86.ActiveCfg = Release|Any CPU
		{06A09038-B5BC-4F2F-83F6-FAF7327BA2A2}.Release|x86.Build.0 = Release|Any CPU
		{CAC180D0-F60C-4DE5-8227-C2496D746F49}.Debug|Any CPU.ActiveCfg = Debug|Any CPU
		{CAC180D0-F60C-4DE5-8227-C2496D746F49}.Debug|Any CPU.Build.0 = Debug|Any CPU
		{CAC180D0-F60C-4DE5-8227-C2496D746F49}.Debug|x64.ActiveCfg = Debug|Any CPU
		{CAC180D0-F60C-4DE5-8227-C2496D746F49}.Debug|x64.Build.0 = Debug|Any CPU
		{CAC180D0-F60C-4DE5-8227-C2496D746F49}.Debug|x86.ActiveCfg = Debug|Any CPU
		{CAC180D0-F60C-4DE5-8227-C2496D746F49}.Debug|x86.Build.0 = Debug|Any CPU
		{CAC180D0-F60C-4DE5-8227-C2496D746F49}.Release|Any CPU.ActiveCfg = Release|Any CPU
		{CAC180D0-F60C-4DE5-8227-C2496D746F49}.Release|Any CPU.Build.0 = Release|Any CPU
		{CAC180D0-F60C-4DE5-8227-C2496D746F49}.Release|x64.ActiveCfg = Release|Any CPU
		{CAC180D0-F60C-4DE5-8227-C2496D746F49}.Release|x64.Build.0 = Release|Any CPU
		{CAC180D0-F60C-4DE5-8227-C2496D746F49}.Release|x86.ActiveCfg = Release|Any CPU
		{CAC180D0-F60C-4DE5-8227-C2496D746F49}.Release|x86.Build.0 = Release|Any CPU
		{6D281360-FE67-41D2-AE81-332CA1E415CE}.Debug|Any CPU.ActiveCfg = Debug|Any CPU
		{6D281360-FE67-41D2-AE81-332CA1E415CE}.Debug|Any CPU.Build.0 = Debug|Any CPU
		{6D281360-FE67-41D2-AE81-332CA1E415CE}.Debug|x64.ActiveCfg = Debug|Any CPU
		{6D281360-FE67-41D2-AE81-332CA1E415CE}.Debug|x64.Build.0 = Debug|Any CPU
		{6D281360-FE67-41D2-AE81-332CA1E415CE}.Debug|x86.ActiveCfg = Debug|Any CPU
		{6D281360-FE67-41D2-AE81-332CA1E415CE}.Debug|x86.Build.0 = Debug|Any CPU
		{6D281360-FE67-41D2-AE81-332CA1E415CE}.Release|Any CPU.ActiveCfg = Release|Any CPU
		{6D281360-FE67-41D2-AE81-332CA1E415CE}.Release|Any CPU.Build.0 = Release|Any CPU
		{6D281360-FE67-41D2-AE81-332CA1E415CE}.Release|x64.ActiveCfg = Release|Any CPU
		{6D281360-FE67-41D2-AE81-332CA1E415CE}.Release|x64.Build.0 = Release|Any CPU
		{6D281360-FE67-41D2-AE81-332CA1E415CE}.Release|x86.ActiveCfg = Release|Any CPU
		{6D281360-FE67-41D2-AE81-332CA1E415CE}.Release|x86.Build.0 = Release|Any CPU
		{806216F3-A0EA-4A1D-8D46-21CB73979E1B}.Debug|Any CPU.ActiveCfg = Debug|Any CPU
		{806216F3-A0EA-4A1D-8D46-21CB73979E1B}.Debug|Any CPU.Build.0 = Debug|Any CPU
		{806216F3-A0EA-4A1D-8D46-21CB73979E1B}.Debug|x64.ActiveCfg = Debug|Any CPU
		{806216F3-A0EA-4A1D-8D46-21CB73979E1B}.Debug|x64.Build.0 = Debug|Any CPU
		{806216F3-A0EA-4A1D-8D46-21CB73979E1B}.Debug|x86.ActiveCfg = Debug|Any CPU
		{806216F3-A0EA-4A1D-8D46-21CB73979E1B}.Debug|x86.Build.0 = Debug|Any CPU
		{806216F3-A0EA-4A1D-8D46-21CB73979E1B}.Release|Any CPU.ActiveCfg = Release|Any CPU
		{806216F3-A0EA-4A1D-8D46-21CB73979E1B}.Release|Any CPU.Build.0 = Release|Any CPU
		{806216F3-A0EA-4A1D-8D46-21CB73979E1B}.Release|x64.ActiveCfg = Release|Any CPU
		{806216F3-A0EA-4A1D-8D46-21CB73979E1B}.Release|x64.Build.0 = Release|Any CPU
		{806216F3-A0EA-4A1D-8D46-21CB73979E1B}.Release|x86.ActiveCfg = Release|Any CPU
		{806216F3-A0EA-4A1D-8D46-21CB73979E1B}.Release|x86.Build.0 = Release|Any CPU
		{B3AFA87C-E191-4961-AB0F-807295CD1336}.Debug|Any CPU.ActiveCfg = Debug|Any CPU
		{B3AFA87C-E191-4961-AB0F-807295CD1336}.Debug|Any CPU.Build.0 = Debug|Any CPU
		{B3AFA87C-E191-4961-AB0F-807295CD1336}.Debug|x64.ActiveCfg = Debug|Any CPU
		{B3AFA87C-E191-4961-AB0F-807295CD1336}.Debug|x64.Build.0 = Debug|Any CPU
		{B3AFA87C-E191-4961-AB0F-807295CD1336}.Debug|x86.ActiveCfg = Debug|Any CPU
		{B3AFA87C-E191-4961-AB0F-807295CD1336}.Debug|x86.Build.0 = Debug|Any CPU
		{B3AFA87C-E191-4961-AB0F-807295CD1336}.Release|Any CPU.ActiveCfg = Release|Any CPU
		{B3AFA87C-E191-4961-AB0F-807295CD1336}.Release|Any CPU.Build.0 = Release|Any CPU
		{B3AFA87C-E191-4961-AB0F-807295CD1336}.Release|x64.ActiveCfg = Release|Any CPU
		{B3AFA87C-E191-4961-AB0F-807295CD1336}.Release|x64.Build.0 = Release|Any CPU
		{B3AFA87C-E191-4961-AB0F-807295CD1336}.Release|x86.ActiveCfg = Release|Any CPU
		{B3AFA87C-E191-4961-AB0F-807295CD1336}.Release|x86.Build.0 = Release|Any CPU
		{B90AFDC3-14DD-4C96-BB5E-38BA0C301493}.Debug|Any CPU.ActiveCfg = Debug|Any CPU
		{B90AFDC3-14DD-4C96-BB5E-38BA0C301493}.Debug|Any CPU.Build.0 = Debug|Any CPU
		{B90AFDC3-14DD-4C96-BB5E-38BA0C301493}.Debug|x64.ActiveCfg = Debug|Any CPU
		{B90AFDC3-14DD-4C96-BB5E-38BA0C301493}.Debug|x64.Build.0 = Debug|Any CPU
		{B90AFDC3-14DD-4C96-BB5E-38BA0C301493}.Debug|x86.ActiveCfg = Debug|Any CPU
		{B90AFDC3-14DD-4C96-BB5E-38BA0C301493}.Debug|x86.Build.0 = Debug|Any CPU
		{B90AFDC3-14DD-4C96-BB5E-38BA0C301493}.Release|Any CPU.ActiveCfg = Release|Any CPU
		{B90AFDC3-14DD-4C96-BB5E-38BA0C301493}.Release|Any CPU.Build.0 = Release|Any CPU
		{B90AFDC3-14DD-4C96-BB5E-38BA0C301493}.Release|x64.ActiveCfg = Release|Any CPU
		{B90AFDC3-14DD-4C96-BB5E-38BA0C301493}.Release|x64.Build.0 = Release|Any CPU
		{B90AFDC3-14DD-4C96-BB5E-38BA0C301493}.Release|x86.ActiveCfg = Release|Any CPU
		{B90AFDC3-14DD-4C96-BB5E-38BA0C301493}.Release|x86.Build.0 = Release|Any CPU
		{48676A72-52D0-42D1-8256-6532FE567BBB}.Debug|Any CPU.ActiveCfg = Debug|Any CPU
		{48676A72-52D0-42D1-8256-6532FE567BBB}.Debug|Any CPU.Build.0 = Debug|Any CPU
		{48676A72-52D0-42D1-8256-6532FE567BBB}.Debug|x64.ActiveCfg = Debug|Any CPU
		{48676A72-52D0-42D1-8256-6532FE567BBB}.Debug|x64.Build.0 = Debug|Any CPU
		{48676A72-52D0-42D1-8256-6532FE567BBB}.Debug|x86.ActiveCfg = Debug|Any CPU
		{48676A72-52D0-42D1-8256-6532FE567BBB}.Debug|x86.Build.0 = Debug|Any CPU
		{48676A72-52D0-42D1-8256-6532FE567BBB}.Release|Any CPU.ActiveCfg = Release|Any CPU
		{48676A72-52D0-42D1-8256-6532FE567BBB}.Release|Any CPU.Build.0 = Release|Any CPU
		{48676A72-52D0-42D1-8256-6532FE567BBB}.Release|x64.ActiveCfg = Release|Any CPU
		{48676A72-52D0-42D1-8256-6532FE567BBB}.Release|x64.Build.0 = Release|Any CPU
		{48676A72-52D0-42D1-8256-6532FE567BBB}.Release|x86.ActiveCfg = Release|Any CPU
		{48676A72-52D0-42D1-8256-6532FE567BBB}.Release|x86.Build.0 = Release|Any CPU
		{DA70415D-E939-412B-9991-3AB3528BE5CF}.Debug|Any CPU.ActiveCfg = Debug|Any CPU
		{DA70415D-E939-412B-9991-3AB3528BE5CF}.Debug|Any CPU.Build.0 = Debug|Any CPU
		{DA70415D-E939-412B-9991-3AB3528BE5CF}.Debug|x64.ActiveCfg = Debug|Any CPU
		{DA70415D-E939-412B-9991-3AB3528BE5CF}.Debug|x64.Build.0 = Debug|Any CPU
		{DA70415D-E939-412B-9991-3AB3528BE5CF}.Debug|x86.ActiveCfg = Debug|Any CPU
		{DA70415D-E939-412B-9991-3AB3528BE5CF}.Debug|x86.Build.0 = Debug|Any CPU
		{DA70415D-E939-412B-9991-3AB3528BE5CF}.Release|Any CPU.ActiveCfg = Release|Any CPU
		{DA70415D-E939-412B-9991-3AB3528BE5CF}.Release|Any CPU.Build.0 = Release|Any CPU
		{DA70415D-E939-412B-9991-3AB3528BE5CF}.Release|x64.ActiveCfg = Release|Any CPU
		{DA70415D-E939-412B-9991-3AB3528BE5CF}.Release|x64.Build.0 = Release|Any CPU
		{DA70415D-E939-412B-9991-3AB3528BE5CF}.Release|x86.ActiveCfg = Release|Any CPU
		{DA70415D-E939-412B-9991-3AB3528BE5CF}.Release|x86.Build.0 = Release|Any CPU
		{32A5DBCC-F9D2-42F8-8771-2A4E21EB79F0}.Debug|Any CPU.ActiveCfg = Debug|Any CPU
		{32A5DBCC-F9D2-42F8-8771-2A4E21EB79F0}.Debug|Any CPU.Build.0 = Debug|Any CPU
		{32A5DBCC-F9D2-42F8-8771-2A4E21EB79F0}.Debug|x64.ActiveCfg = Debug|Any CPU
		{32A5DBCC-F9D2-42F8-8771-2A4E21EB79F0}.Debug|x64.Build.0 = Debug|Any CPU
		{32A5DBCC-F9D2-42F8-8771-2A4E21EB79F0}.Debug|x86.ActiveCfg = Debug|Any CPU
		{32A5DBCC-F9D2-42F8-8771-2A4E21EB79F0}.Debug|x86.Build.0 = Debug|Any CPU
		{32A5DBCC-F9D2-42F8-8771-2A4E21EB79F0}.Release|Any CPU.ActiveCfg = Release|Any CPU
		{32A5DBCC-F9D2-42F8-8771-2A4E21EB79F0}.Release|Any CPU.Build.0 = Release|Any CPU
		{32A5DBCC-F9D2-42F8-8771-2A4E21EB79F0}.Release|x64.ActiveCfg = Release|Any CPU
		{32A5DBCC-F9D2-42F8-8771-2A4E21EB79F0}.Release|x64.Build.0 = Release|Any CPU
		{32A5DBCC-F9D2-42F8-8771-2A4E21EB79F0}.Release|x86.ActiveCfg = Release|Any CPU
		{32A5DBCC-F9D2-42F8-8771-2A4E21EB79F0}.Release|x86.Build.0 = Release|Any CPU
	EndGlobalSection
	GlobalSection(SolutionProperties) = preSolution
		HideSolutionNode = FALSE
	EndGlobalSection
	GlobalSection(NestedProjects) = preSolution
		{F240CB05-815F-403C-9675-5CE8D8C4E453} = {748745C8-73FC-4AAC-BA17-45F26C78988F}
		{D617BFB1-752C-47FF-BA32-5E59E143BCBF} = {748745C8-73FC-4AAC-BA17-45F26C78988F}
		{06A09038-B5BC-4F2F-83F6-FAF7327BA2A2} = {748745C8-73FC-4AAC-BA17-45F26C78988F}
		{CAC180D0-F60C-4DE5-8227-C2496D746F49} = {748745C8-73FC-4AAC-BA17-45F26C78988F}
		{6D281360-FE67-41D2-AE81-332CA1E415CE} = {748745C8-73FC-4AAC-BA17-45F26C78988F}
		{806216F3-A0EA-4A1D-8D46-21CB73979E1B} = {748745C8-73FC-4AAC-BA17-45F26C78988F}
		{B3AFA87C-E191-4961-AB0F-807295CD1336} = {748745C8-73FC-4AAC-BA17-45F26C78988F}
		{B90AFDC3-14DD-4C96-BB5E-38BA0C301493} = {748745C8-73FC-4AAC-BA17-45F26C78988F}
		{48676A72-52D0-42D1-8256-6532FE567BBB} = {748745C8-73FC-4AAC-BA17-45F26C78988F}
		{DA70415D-E939-412B-9991-3AB3528BE5CF} = {748745C8-73FC-4AAC-BA17-45F26C78988F}
		{32A5DBCC-F9D2-42F8-8771-2A4E21EB79F0} = {748745C8-73FC-4AAC-BA17-45F26C78988F}
	EndGlobalSection
EndGlobal
